// !$*UTF8*$!
{
	archiveVersion = 1;
	classes = {
	};
	objectVersion = 46;
	objects = {

/* Begin PBXBuildFile section */
		0012909C39D62B9E08C9B064 /* G6SensorKitUI.framework in Frameworks */ = {isa = PBXBuildFile; fileRef = 0E1FE9C6D076DA1E91289E83 /* G6SensorKitUI.framework */; };
		04A2B67E2547E628203F1358 /* Localizable.xcstrings in Resources */ = {isa = PBXBuildFile; fileRef = 429E660585726604E67AECFD /* Localizable.xcstrings */; };
		04B8053FDEAE43229A81457E /* G6CGMManager+UI.swift in Sources */ = {isa = PBXBuildFile; fileRef = C3CDBC2872D089CCFC608914 /* G6CGMManager+UI.swift */; };
		1E4F189DD2133923C1AFE92E /* G6OnboardingViews.swift in Sources */ = {isa = PBXBuildFile; fileRef = A9A74B38BAA7E148D962602A /* G6OnboardingViews.swift */; };
		1F73E2F944A55A9AC25A90D2 /* LoopKit.framework in Frameworks */ = {isa = PBXBuildFile; fileRef = F8F0591ED59D9FDBBE9B979F /* LoopKit.framework */; };
		20ADEEB69E1914A498A8288C /* LocalizedString.swift in Sources */ = {isa = PBXBuildFile; fileRef = 48E317B6199E7FDA3530EB43 /* LocalizedString.swift */; };
		2B177BC4AA7B5AC20A0C1CF0 /* G6SettingsView.swift in Sources */ = {isa = PBXBuildFile; fileRef = 4F3226DB4412DBC72DFFA90E /* G6SettingsView.swift */; };
		348D78E88E7AB61A3EA8B5A6 /* G6DetailViews.swift in Sources */ = {isa = PBXBuildFile; fileRef = 5F3FBE9FF2D0785F9F703D83 /* G6DetailViews.swift */; };
		3B345FE82B0B128320B404C0 /* Localizable.xcstrings in Resources */ = {isa = PBXBuildFile; fileRef = BE9888BF3A30CE450E970741 /* Localizable.xcstrings */; };
		3D9CC651E9C531C097620F89 /* OSLog.swift in Sources */ = {isa = PBXBuildFile; fileRef = 253838547314B57604F7AD40 /* OSLog.swift */; };
		43A3BB61380CE04F8ADF97F5 /* LoopKitUI.framework in Frameworks */ = {isa = PBXBuildFile; fileRef = 73742E0944319E3A7E474AB9 /* LoopKitUI.framework */; };
		43CCBACB96EC5B4551CE5E7A /* G6ReadingDetailView.swift in Sources */ = {isa = PBXBuildFile; fileRef = 0BC5A15D4A759F997F7FC541 /* G6ReadingDetailView.swift */; };
		44180D8F790DF0B7AD6858A6 /* G6CGMManager.swift in Sources */ = {isa = PBXBuildFile; fileRef = 6ED4B45A9BCAFD7FD14DE50A /* G6CGMManager.swift */; };
		5124B64274AC3FE6A2C96D55 /* G6SensorKit.framework in Frameworks */ = {isa = PBXBuildFile; fileRef = F7B63810D31CCFC9F7F186D2 /* G6SensorKit.framework */; };
		55F5DF80BE7C11261D02F92D /* LoopKitUI.framework in Frameworks */ = {isa = PBXBuildFile; fileRef = 73742E0944319E3A7E474AB9 /* LoopKitUI.framework */; };
		5C0BDAD9F8F46B1894220D75 /* HKUnit.swift in Sources */ = {isa = PBXBuildFile; fileRef = B534C9F9F094DA2E641E1F56 /* HKUnit.swift */; };
		60CA6A4323498F0AA5733921 /* Foundation.framework in Frameworks */ = {isa = PBXBuildFile; fileRef = F64DEB4B031D1C5CFE809317 /* Foundation.framework */; };
		6B46867393D9926E754A0B1C /* Foundation.framework in Frameworks */ = {isa = PBXBuildFile; fileRef = F64DEB4B031D1C5CFE809317 /* Foundation.framework */; };
		6B717441841D031D0B28D767 /* Foundation.framework in Frameworks */ = {isa = PBXBuildFile; fileRef = F64DEB4B031D1C5CFE809317 /* Foundation.framework */; };
		75FB2E8B0FA7123C2ED8DAE4 /* G6SensorKit.framework in Frameworks */ = {isa = PBXBuildFile; fileRef = F7B63810D31CCFC9F7F186D2 /* G6SensorKit.framework */; };
		80A0E78EA46BE2777673109D /* G6SensorKitUI.framework in Embed Frameworks */ = {isa = PBXBuildFile; fileRef = 0E1FE9C6D076DA1E91289E83 /* G6SensorKitUI.framework */; settings = {ATTRIBUTES = (CodeSignOnCopy, RemoveHeadersOnCopy, ); }; };
		8BB678C1F2BD1D88FA1CFBBC /* G6SimulatedSession.swift in Sources */ = {isa = PBXBuildFile; fileRef = 74783BF907EE99207B30B578 /* G6SimulatedSession.swift */; };
		8FF638A85A7E67CA3BC5D9F9 /* G6Alert.swift in Sources */ = {isa = PBXBuildFile; fileRef = 03906F90369E7A2BF4DED672 /* G6Alert.swift */; };
		A69AF218C10E883AEB62C3BD /* LoopKit.framework in Frameworks */ = {isa = PBXBuildFile; fileRef = F8F0591ED59D9FDBBE9B979F /* LoopKit.framework */; };
		A81FAA3A42066C630B773A7A /* G6SensorKit.framework in Embed Frameworks */ = {isa = PBXBuildFile; fileRef = F7B63810D31CCFC9F7F186D2 /* G6SensorKit.framework */; settings = {ATTRIBUTES = (CodeSignOnCopy, RemoveHeadersOnCopy, ); }; };
		A8E3935009CCE36B2536A64C /* G6ApplySensorViews.swift in Sources */ = {isa = PBXBuildFile; fileRef = 76466FB9DD611978BC655632 /* G6ApplySensorViews.swift */; };
		A9E3573682AB3B40EC374CA7 /* G6CalibrationGuideView.swift in Sources */ = {isa = PBXBuildFile; fileRef = CFE94E843AB267DF79DBE2E3 /* G6CalibrationGuideView.swift */; };
		AF6D1CDCC2147D486CC666B0 /* G6AlertEvaluator.swift in Sources */ = {isa = PBXBuildFile; fileRef = B58664EFC566ECB3D78CCFAF /* G6AlertEvaluator.swift */; };
		B379B66CE81079E346AC7C74 /* LocalizedString.swift in Sources */ = {isa = PBXBuildFile; fileRef = 5FCBBEB66782BF39C6C015CB /* LocalizedString.swift */; };
		B62C7DB071276B15C354E424 /* G6ActivityViewController.swift in Sources */ = {isa = PBXBuildFile; fileRef = 2C5694A019EAD8454DABAA13 /* G6ActivityViewController.swift */; };
		B920AFAF7C31F1E389D677D6 /* G6UICoordinator.swift in Sources */ = {isa = PBXBuildFile; fileRef = 1DB91998500832B7983C5050 /* G6UICoordinator.swift */; };
		B974B8BBB65603583E2AA9B6 /* HKUnit.swift in Sources */ = {isa = PBXBuildFile; fileRef = 89D79C9A64B80B4CC5B3DE78 /* HKUnit.swift */; };
		C2A26CF0F1BB14468B041B94 /* G6Graphics.swift in Sources */ = {isa = PBXBuildFile; fileRef = FD441CA0C87A3361D4ABC996 /* G6Graphics.swift */; };
		C402E99C66F01260013FBB1A /* G6ShareCredentialStore.swift in Sources */ = {isa = PBXBuildFile; fileRef = 8C22FE5054AF7D52948DDD28 /* G6ShareCredentialStore.swift */; };
		CDBF362147EF86005600539C /* Assets.xcassets in Resources */ = {isa = PBXBuildFile; fileRef = FF491D549C3EF35172BD575E /* Assets.xcassets */; };
		E733B5AF9AC6DDC38B92A330 /* LoopKit.framework in Frameworks */ = {isa = PBXBuildFile; fileRef = F8F0591ED59D9FDBBE9B979F /* LoopKit.framework */; };
		EB7246F1D6D512CC2D28B53C /* G6CGMManagerState.swift in Sources */ = {isa = PBXBuildFile; fileRef = ADFDEDB952EC717B78C87578 /* G6CGMManagerState.swift */; };
		F605B5DD6F6B98C7BA18BE26 /* G6SensorKitPlugin.swift in Sources */ = {isa = PBXBuildFile; fileRef = 7985708466B1C12CA524C462 /* G6SensorKitPlugin.swift */; };
		F63FF74AB43CFAC6FA5BB9F1 /* Locked.swift in Sources */ = {isa = PBXBuildFile; fileRef = 2737F7376B1AEBD38191DE68 /* Locked.swift */; };
		FCEF70D7853D669835A2C2A2 /* TimeInterval.swift in Sources */ = {isa = PBXBuildFile; fileRef = BEFF2008F7747472D563331E /* TimeInterval.swift */; };
/* End PBXBuildFile section */

/* Begin PBXContainerItemProxy section */
		393AD5FC1C4D642198DBF3BA /* PBXContainerItemProxy */ = {
			isa = PBXContainerItemProxy;
			containerPortal = 9254155A3D36B6309735ED9B /* Project object */;
			proxyType = 1;
			remoteGlobalIDString = 3ADDB0CD055A33C01C7B54FE;
			remoteInfo = G6SensorKitUI;
		};
		5DCC41D3B8AE0AF30CAAD2E3 /* PBXContainerItemProxy */ = {
			isa = PBXContainerItemProxy;
			containerPortal = 9254155A3D36B6309735ED9B /* Project object */;
			proxyType = 1;
			remoteGlobalIDString = 1B26058BD31E40741B0058A5;
			remoteInfo = G6SensorKit;
		};
		CC0AE83086E9B970A7244CCE /* PBXContainerItemProxy */ = {
			isa = PBXContainerItemProxy;
			containerPortal = 9254155A3D36B6309735ED9B /* Project object */;
			proxyType = 1;
			remoteGlobalIDString = 1B26058BD31E40741B0058A5;
			remoteInfo = G6SensorKit;
		};
/* End PBXContainerItemProxy section */

/* Begin PBXCopyFilesBuildPhase section */
		4FFBC74F2EB40DC4B5ED7514 /* Embed Frameworks */ = {
			isa = PBXCopyFilesBuildPhase;
			buildActionMask = 2147483647;
			dstPath = "";
			dstSubfolderSpec = 10;
			files = (
				A81FAA3A42066C630B773A7A /* G6SensorKit.framework in Embed Frameworks */,
				80A0E78EA46BE2777673109D /* G6SensorKitUI.framework in Embed Frameworks */,
			);
			name = "Embed Frameworks";
			runOnlyForDeploymentPostprocessing = 0;
		};
/* End PBXCopyFilesBuildPhase section */

/* Begin PBXFileReference section */
		03906F90369E7A2BF4DED672 /* G6Alert.swift */ = {isa = PBXFileReference; includeInIndex = 1; lastKnownFileType = sourcecode.swift; path = G6Alert.swift; sourceTree = "<group>"; };
		0BC5A15D4A759F997F7FC541 /* G6ReadingDetailView.swift */ = {isa = PBXFileReference; includeInIndex = 1; lastKnownFileType = sourcecode.swift; name = G6ReadingDetailView.swift; path = Views/G6ReadingDetailView.swift; sourceTree = "<group>"; };
		0E1FE9C6D076DA1E91289E83 /* G6SensorKitUI.framework */ = {isa = PBXFileReference; explicitFileType = wrapper.framework; includeInIndex = 0; path = G6SensorKitUI.framework; sourceTree = BUILT_PRODUCTS_DIR; };
		1DB91998500832B7983C5050 /* G6UICoordinator.swift */ = {isa = PBXFileReference; includeInIndex = 1; lastKnownFileType = sourcecode.swift; path = G6UICoordinator.swift; sourceTree = "<group>"; };
		253838547314B57604F7AD40 /* OSLog.swift */ = {isa = PBXFileReference; includeInIndex = 1; lastKnownFileType = sourcecode.swift; path = OSLog.swift; sourceTree = "<group>"; };
		2737F7376B1AEBD38191DE68 /* Locked.swift */ = {isa = PBXFileReference; includeInIndex = 1; lastKnownFileType = sourcecode.swift; path = Locked.swift; sourceTree = "<group>"; };
		2C5694A019EAD8454DABAA13 /* G6ActivityViewController.swift */ = {isa = PBXFileReference; includeInIndex = 1; lastKnownFileType = sourcecode.swift; name = G6ActivityViewController.swift; path = Views/G6ActivityViewController.swift; sourceTree = "<group>"; };
		429E660585726604E67AECFD /* Localizable.xcstrings */ = {isa = PBXFileReference; includeInIndex = 1; path = Localizable.xcstrings; sourceTree = "<group>"; };
		48E317B6199E7FDA3530EB43 /* LocalizedString.swift */ = {isa = PBXFileReference; includeInIndex = 1; lastKnownFileType = sourcecode.swift; path = LocalizedString.swift; sourceTree = "<group>"; };
		4F3226DB4412DBC72DFFA90E /* G6SettingsView.swift */ = {isa = PBXFileReference; includeInIndex = 1; lastKnownFileType = sourcecode.swift; name = G6SettingsView.swift; path = Views/G6SettingsView.swift; sourceTree = "<group>"; };
		5F3FBE9FF2D0785F9F703D83 /* G6DetailViews.swift */ = {isa = PBXFileReference; includeInIndex = 1; lastKnownFileType = sourcecode.swift; name = G6DetailViews.swift; path = Views/G6DetailViews.swift; sourceTree = "<group>"; };
		5FCBBEB66782BF39C6C015CB /* LocalizedString.swift */ = {isa = PBXFileReference; includeInIndex = 1; lastKnownFileType = sourcecode.swift; path = LocalizedString.swift; sourceTree = "<group>"; };
		6ED4B45A9BCAFD7FD14DE50A /* G6CGMManager.swift */ = {isa = PBXFileReference; includeInIndex = 1; lastKnownFileType = sourcecode.swift; path = G6CGMManager.swift; sourceTree = "<group>"; };
		73742E0944319E3A7E474AB9 /* LoopKitUI.framework */ = {isa = PBXFileReference; explicitFileType = wrapper.framework; includeInIndex = 0; path = LoopKitUI.framework; sourceTree = BUILT_PRODUCTS_DIR; };
		74783BF907EE99207B30B578 /* G6SimulatedSession.swift */ = {isa = PBXFileReference; includeInIndex = 1; lastKnownFileType = sourcecode.swift; path = G6SimulatedSession.swift; sourceTree = "<group>"; };
		76466FB9DD611978BC655632 /* G6ApplySensorViews.swift */ = {isa = PBXFileReference; includeInIndex = 1; lastKnownFileType = sourcecode.swift; name = G6ApplySensorViews.swift; path = Views/G6ApplySensorViews.swift; sourceTree = "<group>"; };
		7985708466B1C12CA524C462 /* G6SensorKitPlugin.swift */ = {isa = PBXFileReference; includeInIndex = 1; lastKnownFileType = sourcecode.swift; path = G6SensorKitPlugin.swift; sourceTree = "<group>"; };
		89D79C9A64B80B4CC5B3DE78 /* HKUnit.swift */ = {isa = PBXFileReference; includeInIndex = 1; lastKnownFileType = sourcecode.swift; path = HKUnit.swift; sourceTree = "<group>"; };
		8C22FE5054AF7D52948DDD28 /* G6ShareCredentialStore.swift */ = {isa = PBXFileReference; includeInIndex = 1; lastKnownFileType = sourcecode.swift; path = G6ShareCredentialStore.swift; sourceTree = "<group>"; };
		A9A74B38BAA7E148D962602A /* G6OnboardingViews.swift */ = {isa = PBXFileReference; includeInIndex = 1; lastKnownFileType = sourcecode.swift; name = G6OnboardingViews.swift; path = Views/G6OnboardingViews.swift; sourceTree = "<group>"; };
		ADFDEDB952EC717B78C87578 /* G6CGMManagerState.swift */ = {isa = PBXFileReference; includeInIndex = 1; lastKnownFileType = sourcecode.swift; path = G6CGMManagerState.swift; sourceTree = "<group>"; };
		B534C9F9F094DA2E641E1F56 /* HKUnit.swift */ = {isa = PBXFileReference; includeInIndex = 1; lastKnownFileType = sourcecode.swift; path = HKUnit.swift; sourceTree = "<group>"; };
		B58664EFC566ECB3D78CCFAF /* G6AlertEvaluator.swift */ = {isa = PBXFileReference; includeInIndex = 1; lastKnownFileType = sourcecode.swift; path = G6AlertEvaluator.swift; sourceTree = "<group>"; };
		BE9888BF3A30CE450E970741 /* Localizable.xcstrings */ = {isa = PBXFileReference; includeInIndex = 1; path = Localizable.xcstrings; sourceTree = "<group>"; };
		BEFF2008F7747472D563331E /* TimeInterval.swift */ = {isa = PBXFileReference; includeInIndex = 1; lastKnownFileType = sourcecode.swift; path = TimeInterval.swift; sourceTree = "<group>"; };
		C3CDBC2872D089CCFC608914 /* G6CGMManager+UI.swift */ = {isa = PBXFileReference; includeInIndex = 1; lastKnownFileType = sourcecode.swift; path = "G6CGMManager+UI.swift"; sourceTree = "<group>"; };
		CFE94E843AB267DF79DBE2E3 /* G6CalibrationGuideView.swift */ = {isa = PBXFileReference; includeInIndex = 1; lastKnownFileType = sourcecode.swift; name = G6CalibrationGuideView.swift; path = Views/G6CalibrationGuideView.swift; sourceTree = "<group>"; };
		F566E5E3758DE9D2DBE17607 /* G6SensorKitPlugin.framework */ = {isa = PBXFileReference; explicitFileType = wrapper.framework; includeInIndex = 0; path = G6SensorKitPlugin.framework; sourceTree = BUILT_PRODUCTS_DIR; };
		F64DEB4B031D1C5CFE809317 /* Foundation.framework */ = {isa = PBXFileReference; lastKnownFileType = wrapper.framework; name = Foundation.framework; path = Platforms/iPhoneOS.platform/Developer/SDKs/iPhoneOS18.0.sdk/System/Library/Frameworks/Foundation.framework; sourceTree = DEVELOPER_DIR; };
		F7B63810D31CCFC9F7F186D2 /* G6SensorKit.framework */ = {isa = PBXFileReference; explicitFileType = wrapper.framework; includeInIndex = 0; path = G6SensorKit.framework; sourceTree = BUILT_PRODUCTS_DIR; };
		F8F0591ED59D9FDBBE9B979F /* LoopKit.framework */ = {isa = PBXFileReference; explicitFileType = wrapper.framework; includeInIndex = 0; path = LoopKit.framework; sourceTree = BUILT_PRODUCTS_DIR; };
		FD441CA0C87A3361D4ABC996 /* G6Graphics.swift */ = {isa = PBXFileReference; includeInIndex = 1; lastKnownFileType = sourcecode.swift; name = G6Graphics.swift; path = Views/G6Graphics.swift; sourceTree = "<group>"; };
		FF491D549C3EF35172BD575E /* Assets.xcassets */ = {isa = PBXFileReference; includeInIndex = 1; lastKnownFileType = folder.assetcatalog; path = Assets.xcassets; sourceTree = "<group>"; };
/* End PBXFileReference section */

/* Begin PBXFrameworksBuildPhase section */
		08CFF0A2C0AF7A01359571D3 /* Frameworks */ = {
			isa = PBXFrameworksBuildPhase;
			buildActionMask = 2147483647;
			files = (
				6B46867393D9926E754A0B1C /* Foundation.framework in Frameworks */,
				A69AF218C10E883AEB62C3BD /* LoopKit.framework in Frameworks */,
				55F5DF80BE7C11261D02F92D /* LoopKitUI.framework in Frameworks */,
				5124B64274AC3FE6A2C96D55 /* G6SensorKit.framework in Frameworks */,
				0012909C39D62B9E08C9B064 /* G6SensorKitUI.framework in Frameworks */,
			);
			runOnlyForDeploymentPostprocessing = 0;
		};
		4BBD731E15A4EBB02214C814 /* Frameworks */ = {
			isa = PBXFrameworksBuildPhase;
			buildActionMask = 2147483647;
			files = (
				60CA6A4323498F0AA5733921 /* Foundation.framework in Frameworks */,
				E733B5AF9AC6DDC38B92A330 /* LoopKit.framework in Frameworks */,
			);
			runOnlyForDeploymentPostprocessing = 0;
		};
		7034F2C68438154861EB8766 /* Frameworks */ = {
			isa = PBXFrameworksBuildPhase;
			buildActionMask = 2147483647;
			files = (
				6B717441841D031D0B28D767 /* Foundation.framework in Frameworks */,
				1F73E2F944A55A9AC25A90D2 /* LoopKit.framework in Frameworks */,
				43A3BB61380CE04F8ADF97F5 /* LoopKitUI.framework in Frameworks */,
				75FB2E8B0FA7123C2ED8DAE4 /* G6SensorKit.framework in Frameworks */,
			);
			runOnlyForDeploymentPostprocessing = 0;
		};
/* End PBXFrameworksBuildPhase section */

/* Begin PBXGroup section */
		0B2EBDB688CC9F72D51B8750 /* Products */ = {
			isa = PBXGroup;
			children = (
				F7B63810D31CCFC9F7F186D2 /* G6SensorKit.framework */,
				0E1FE9C6D076DA1E91289E83 /* G6SensorKitUI.framework */,
				F566E5E3758DE9D2DBE17607 /* G6SensorKitPlugin.framework */,
			);
			name = Products;
			sourceTree = "<group>";
		};
		1DCBFFA30E3C8A0058AA3F9E /* Common */ = {
			isa = PBXGroup;
			children = (
				89D79C9A64B80B4CC5B3DE78 /* HKUnit.swift */,
				48E317B6199E7FDA3530EB43 /* LocalizedString.swift */,
				2737F7376B1AEBD38191DE68 /* Locked.swift */,
				253838547314B57604F7AD40 /* OSLog.swift */,
				BEFF2008F7747472D563331E /* TimeInterval.swift */,
				B534C9F9F094DA2E641E1F56 /* HKUnit.swift */,
			);
			name = Common;
			path = Common;
			sourceTree = "<group>";
		};
		473EA52459AC5B5F384D87B9 /* iOS */ = {
			isa = PBXGroup;
			children = (
				F64DEB4B031D1C5CFE809317 /* Foundation.framework */,
			);
			name = iOS;
			sourceTree = "<group>";
		};
		96B57708CA5A86D6435C7B27 /* Frameworks */ = {
			isa = PBXGroup;
			children = (
				F8F0591ED59D9FDBBE9B979F /* LoopKit.framework */,
				73742E0944319E3A7E474AB9 /* LoopKitUI.framework */,
				473EA52459AC5B5F384D87B9 /* iOS */,
			);
			name = Frameworks;
			sourceTree = "<group>";
		};
		BC0A237992092A7C2BE9B0C1 /* G6SensorKit */ = {
			isa = PBXGroup;
			children = (
				03906F90369E7A2BF4DED672 /* G6Alert.swift */,
				B58664EFC566ECB3D78CCFAF /* G6AlertEvaluator.swift */,
				6ED4B45A9BCAFD7FD14DE50A /* G6CGMManager.swift */,
				ADFDEDB952EC717B78C87578 /* G6CGMManagerState.swift */,
				8C22FE5054AF7D52948DDD28 /* G6ShareCredentialStore.swift */,
				74783BF907EE99207B30B578 /* G6SimulatedSession.swift */,
				BE9888BF3A30CE450E970741 /* Localizable.xcstrings */,
			);
			name = G6SensorKit;
			path = G6SensorKit;
			sourceTree = "<group>";
		};
		C15E860FAD47DBE3D41E4EC3 /* G6SensorKitPlugin */ = {
			isa = PBXGroup;
			children = (
				7985708466B1C12CA524C462 /* G6SensorKitPlugin.swift */,
			);
			name = G6SensorKitPlugin;
			path = G6SensorKitPlugin;
			sourceTree = "<group>";
		};
		CC50F2BDBEBFB7D6BD059422 /* G6SensorKitUI */ = {
			isa = PBXGroup;
			children = (
				C3CDBC2872D089CCFC608914 /* G6CGMManager+UI.swift */,
				1DB91998500832B7983C5050 /* G6UICoordinator.swift */,
				5FCBBEB66782BF39C6C015CB /* LocalizedString.swift */,
				2C5694A019EAD8454DABAA13 /* G6ActivityViewController.swift */,
				76466FB9DD611978BC655632 /* G6ApplySensorViews.swift */,
				CFE94E843AB267DF79DBE2E3 /* G6CalibrationGuideView.swift */,
				5F3FBE9FF2D0785F9F703D83 /* G6DetailViews.swift */,
				FD441CA0C87A3361D4ABC996 /* G6Graphics.swift */,
				A9A74B38BAA7E148D962602A /* G6OnboardingViews.swift */,
				0BC5A15D4A759F997F7FC541 /* G6ReadingDetailView.swift */,
				4F3226DB4412DBC72DFFA90E /* G6SettingsView.swift */,
				429E660585726604E67AECFD /* Localizable.xcstrings */,
				FF491D549C3EF35172BD575E /* Assets.xcassets */,
			);
			name = G6SensorKitUI;
			path = G6SensorKitUI;
			sourceTree = "<group>";
		};
		FA22E5F750CC96151439CB10 = {
			isa = PBXGroup;
			children = (
				BC0A237992092A7C2BE9B0C1 /* G6SensorKit */,
				1DCBFFA30E3C8A0058AA3F9E /* Common */,
				CC50F2BDBEBFB7D6BD059422 /* G6SensorKitUI */,
				C15E860FAD47DBE3D41E4EC3 /* G6SensorKitPlugin */,
				0B2EBDB688CC9F72D51B8750 /* Products */,
				96B57708CA5A86D6435C7B27 /* Frameworks */,
			);
			sourceTree = "<group>";
		};
/* End PBXGroup section */

/* Begin PBXHeadersBuildPhase section */
		46CF0A3AEA3068EC92793F50 /* Headers */ = {
			isa = PBXHeadersBuildPhase;
			buildActionMask = 2147483647;
			files = (
			);
			runOnlyForDeploymentPostprocessing = 0;
		};
		8871D9EC41336D32DC93F0A1 /* Headers */ = {
			isa = PBXHeadersBuildPhase;
			buildActionMask = 2147483647;
			files = (
			);
			runOnlyForDeploymentPostprocessing = 0;
		};
		D0DCBEE1011D380E0DAB9521 /* Headers */ = {
			isa = PBXHeadersBuildPhase;
			buildActionMask = 2147483647;
			files = (
			);
			runOnlyForDeploymentPostprocessing = 0;
		};
/* End PBXHeadersBuildPhase section */

/* Begin PBXNativeTarget section */
		1B26058BD31E40741B0058A5 /* G6SensorKit */ = {
			isa = PBXNativeTarget;
			buildConfigurationList = 3C02D248834BA3228A2A0985 /* Build configuration list for PBXNativeTarget "G6SensorKit" */;
			buildPhases = (
				D0DCBEE1011D380E0DAB9521 /* Headers */,
				8BC23E60728EBBC538BC019C /* Sources */,
				4BBD731E15A4EBB02214C814 /* Frameworks */,
				840346A90686729F6FA69249 /* Resources */,
			);
			buildRules = (
			);
			dependencies = (
			);
			name = G6SensorKit;
			packageProductDependencies = (
				7B648B7A7143DAA0CE2F4FF9 /* G6SensorCore */,
			);
			productName = G6SensorKit;
			productReference = F7B63810D31CCFC9F7F186D2 /* G6SensorKit.framework */;
			productType = "com.apple.product-type.framework";
		};
		3ADDB0CD055A33C01C7B54FE /* G6SensorKitUI */ = {
			isa = PBXNativeTarget;
			buildConfigurationList = 0871B09F7297CFA1E6F3ADCB /* Build configuration list for PBXNativeTarget "G6SensorKitUI" */;
			buildPhases = (
				8871D9EC41336D32DC93F0A1 /* Headers */,
				488FB4793D06FDDE73E64813 /* Sources */,
				7034F2C68438154861EB8766 /* Frameworks */,
				FF4CE3D3A177620D8B97B7A2 /* Resources */,
			);
			buildRules = (
			);
			dependencies = (
				17B55B286FE0A660013A668D /* PBXTargetDependency */,
			);
			name = G6SensorKitUI;
			productName = G6SensorKitUI;
			productReference = 0E1FE9C6D076DA1E91289E83 /* G6SensorKitUI.framework */;
			productType = "com.apple.product-type.framework";
		};
		EDCCBEADE99E54A732DD551F /* G6SensorKitPlugin */ = {
			isa = PBXNativeTarget;
			buildConfigurationList = 5C9202DE59969D7F24D99477 /* Build configuration list for PBXNativeTarget "G6SensorKitPlugin" */;
			buildPhases = (
				46CF0A3AEA3068EC92793F50 /* Headers */,
				A4FF0114F6295250522E88B0 /* Sources */,
				08CFF0A2C0AF7A01359571D3 /* Frameworks */,
				BD1DA6A29C055EAE3F534D12 /* Resources */,
				4FFBC74F2EB40DC4B5ED7514 /* Embed Frameworks */,
			);
			buildRules = (
			);
			dependencies = (
				07F9FA8A5643278CD0C1E3DC /* PBXTargetDependency */,
				53F05EC0188A4EBC5A8F5A4F /* PBXTargetDependency */,
			);
			name = G6SensorKitPlugin;
			productName = G6SensorKitPlugin;
			productReference = F566E5E3758DE9D2DBE17607 /* G6SensorKitPlugin.framework */;
			productType = "com.apple.product-type.framework";
		};
/* End PBXNativeTarget section */

/* Begin PBXProject section */
		9254155A3D36B6309735ED9B /* Project object */ = {
			isa = PBXProject;
			attributes = {
				LastSwiftUpdateCheck = 1600;
				LastUpgradeCheck = 1600;
			};
			buildConfigurationList = 1F831DF837A28B0445B1871F /* Build configuration list for PBXProject "G6SensorKit" */;
			compatibilityVersion = "Xcode 3.2";
			developmentRegion = en;
			hasScannedForEncodings = 0;
			knownRegions = (
				en,
				Base,
			);
			mainGroup = FA22E5F750CC96151439CB10;
			minimizedProjectReferenceProxies = 0;
			packageReferences = (
				17A8E591A82F95E6476AA1C9 /* XCLocalSwiftPackageReference "." */,
			);
			preferredProjectObjectVersion = 77;
			productRefGroup = 0B2EBDB688CC9F72D51B8750 /* Products */;
			projectDirPath = "";
			projectRoot = "";
			targets = (
				1B26058BD31E40741B0058A5 /* G6SensorKit */,
				3ADDB0CD055A33C01C7B54FE /* G6SensorKitUI */,
				EDCCBEADE99E54A732DD551F /* G6SensorKitPlugin */,
			);
		};
/* End PBXProject section */

/* Begin PBXResourcesBuildPhase section */
		840346A90686729F6FA69249 /* Resources */ = {
			isa = PBXResourcesBuildPhase;
			buildActionMask = 2147483647;
			files = (
				3B345FE82B0B128320B404C0 /* Localizable.xcstrings in Resources */,
			);
			runOnlyForDeploymentPostprocessing = 0;
		};
		BD1DA6A29C055EAE3F534D12 /* Resources */ = {
			isa = PBXResourcesBuildPhase;
			buildActionMask = 2147483647;
			files = (
			);
			runOnlyForDeploymentPostprocessing = 0;
		};
		FF4CE3D3A177620D8B97B7A2 /* Resources */ = {
			isa = PBXResourcesBuildPhase;
			buildActionMask = 2147483647;
			files = (
				04A2B67E2547E628203F1358 /* Localizable.xcstrings in Resources */,
				CDBF362147EF86005600539C /* Assets.xcassets in Resources */,
			);
			runOnlyForDeploymentPostprocessing = 0;
		};
/* End PBXResourcesBuildPhase section */

/* Begin PBXSourcesBuildPhase section */
		488FB4793D06FDDE73E64813 /* Sources */ = {
			isa = PBXSourcesBuildPhase;
			buildActionMask = 2147483647;
			files = (
				04B8053FDEAE43229A81457E /* G6CGMManager+UI.swift in Sources */,
				B920AFAF7C31F1E389D677D6 /* G6UICoordinator.swift in Sources */,
				B379B66CE81079E346AC7C74 /* LocalizedString.swift in Sources */,
				B62C7DB071276B15C354E424 /* G6ActivityViewController.swift in Sources */,
				A8E3935009CCE36B2536A64C /* G6ApplySensorViews.swift in Sources */,
				A9E3573682AB3B40EC374CA7 /* G6CalibrationGuideView.swift in Sources */,
				348D78E88E7AB61A3EA8B5A6 /* G6DetailViews.swift in Sources */,
				C2A26CF0F1BB14468B041B94 /* G6Graphics.swift in Sources */,
				1E4F189DD2133923C1AFE92E /* G6OnboardingViews.swift in Sources */,
				43CCBACB96EC5B4551CE5E7A /* G6ReadingDetailView.swift in Sources */,
				2B177BC4AA7B5AC20A0C1CF0 /* G6SettingsView.swift in Sources */,
				5C0BDAD9F8F46B1894220D75 /* HKUnit.swift in Sources */,
			);
			runOnlyForDeploymentPostprocessing = 0;
		};
		8BC23E60728EBBC538BC019C /* Sources */ = {
			isa = PBXSourcesBuildPhase;
			buildActionMask = 2147483647;
			files = (
				8FF638A85A7E67CA3BC5D9F9 /* G6Alert.swift in Sources */,
				AF6D1CDCC2147D486CC666B0 /* G6AlertEvaluator.swift in Sources */,
				44180D8F790DF0B7AD6858A6 /* G6CGMManager.swift in Sources */,
				EB7246F1D6D512CC2D28B53C /* G6CGMManagerState.swift in Sources */,
				C402E99C66F01260013FBB1A /* G6ShareCredentialStore.swift in Sources */,
				8BB678C1F2BD1D88FA1CFBBC /* G6SimulatedSession.swift in Sources */,
				B974B8BBB65603583E2AA9B6 /* HKUnit.swift in Sources */,
				20ADEEB69E1914A498A8288C /* LocalizedString.swift in Sources */,
				F63FF74AB43CFAC6FA5BB9F1 /* Locked.swift in Sources */,
				3D9CC651E9C531C097620F89 /* OSLog.swift in Sources */,
				FCEF70D7853D669835A2C2A2 /* TimeInterval.swift in Sources */,
			);
			runOnlyForDeploymentPostprocessing = 0;
		};
		A4FF0114F6295250522E88B0 /* Sources */ = {
			isa = PBXSourcesBuildPhase;
			buildActionMask = 2147483647;
			files = (
				F605B5DD6F6B98C7BA18BE26 /* G6SensorKitPlugin.swift in Sources */,
			);
			runOnlyForDeploymentPostprocessing = 0;
		};
/* End PBXSourcesBuildPhase section */

/* Begin PBXTargetDependency section */
		07F9FA8A5643278CD0C1E3DC /* PBXTargetDependency */ = {
			isa = PBXTargetDependency;
			name = G6SensorKit;
			target = 1B26058BD31E40741B0058A5 /* G6SensorKit */;
			targetProxy = 5DCC41D3B8AE0AF30CAAD2E3 /* PBXContainerItemProxy */;
		};
		17B55B286FE0A660013A668D /* PBXTargetDependency */ = {
			isa = PBXTargetDependency;
			name = G6SensorKit;
			target = 1B26058BD31E40741B0058A5 /* G6SensorKit */;
			targetProxy = CC0AE83086E9B970A7244CCE /* PBXContainerItemProxy */;
		};
		53F05EC0188A4EBC5A8F5A4F /* PBXTargetDependency */ = {
			isa = PBXTargetDependency;
			name = G6SensorKitUI;
			target = 3ADDB0CD055A33C01C7B54FE /* G6SensorKitUI */;
			targetProxy = 393AD5FC1C4D642198DBF3BA /* PBXContainerItemProxy */;
		};
/* End PBXTargetDependency section */

/* Begin XCBuildConfiguration section */
		000A188CB4AC3C534F7DEDA5 /* Debug */ = {
			isa = XCBuildConfiguration;
			buildSettings = {
				BUILD_LIBRARY_FOR_DISTRIBUTION = YES;
				CLANG_ENABLE_MODULES = YES;
				CLANG_ENABLE_OBJC_ARC = YES;
				CLANG_ENABLE_OBJC_WEAK = NO;
				CURRENT_PROJECT_VERSION = 1;
				DEFINES_MODULE = NO;
				DYLIB_COMPATIBILITY_VERSION = 1;
				DYLIB_CURRENT_VERSION = 1;
				DYLIB_INSTALL_NAME_BASE = "@rpath";
				ENABLE_MODULE_VERIFIER = NO;
				FRAMEWORK_SEARCH_PATHS = (
					"$(inherited)",
					"$(BUILT_PRODUCTS_DIR)",
				);
				GENERATE_INFOPLIST_FILE = NO;
				INFOPLIST_FILE = G6SensorKitPlugin/Info.plist;
				INSTALL_PATH = "$(LOCAL_LIBRARY_DIR)/Frameworks";
				IPHONEOS_DEPLOYMENT_TARGET = 15.1;
				LD_RUNPATH_SEARCH_PATHS = "$(inherited) @executable_path/Frameworks @loader_path/Frameworks";
				MARKETING_VERSION = 1.0;
				PRODUCT_BUNDLE_IDENTIFIER = org.nightscout.G6SensorKitPlugin;
				PRODUCT_NAME = "$(TARGET_NAME)";
				SDKROOT = iphoneos;
				SKIP_INSTALL = YES;
				SWIFT_EMIT_LOC_STRINGS = YES;
				SWIFT_VERSION = 5.9;
				TARGETED_DEVICE_FAMILY = 1;
				VERSIONING_SYSTEM = "apple-generic";
				VERSION_INFO_PREFIX = "";
				WRAPPER_EXTENSION = loopplugin;
			};
			name = Debug;
		};
		0A0532B628C24522B116C2FD /* Release */ = {
			isa = XCBuildConfiguration;
			buildSettings = {
				ALWAYS_SEARCH_USER_PATHS = NO;
				CLANG_ANALYZER_NONNULL = YES;
				CLANG_ANALYZER_NUMBER_OBJECT_CONVERSION = YES_AGGRESSIVE;
				CLANG_CXX_LANGUAGE_STANDARD = "gnu++14";
				CLANG_CXX_LIBRARY = "libc++";
				CLANG_ENABLE_MODULES = YES;
				CLANG_ENABLE_OBJC_ARC = YES;
				CLANG_ENABLE_OBJC_WEAK = YES;
				CLANG_WARN_BLOCK_CAPTURE_AUTORELEASING = YES;
				CLANG_WARN_BOOL_CONVERSION = YES;
				CLANG_WARN_COMMA = YES;
				CLANG_WARN_CONSTANT_CONVERSION = YES;
				CLANG_WARN_DEPRECATED_OBJC_IMPLEMENTATIONS = YES;
				CLANG_WARN_DIRECT_OBJC_ISA_USAGE = YES_ERROR;
				CLANG_WARN_DOCUMENTATION_COMMENTS = YES;
				CLANG_WARN_EMPTY_BODY = YES;
				CLANG_WARN_ENUM_CONVERSION = YES;
				CLANG_WARN_INFINITE_RECURSION = YES;
				CLANG_WARN_INT_CONVERSION = YES;
				CLANG_WARN_NON_LITERAL_NULL_CONVERSION = YES;
				CLANG_WARN_OBJC_IMPLICIT_RETAIN_SELF = YES;
				CLANG_WARN_OBJC_LITERAL_CONVERSION = YES;
				CLANG_WARN_OBJC_ROOT_CLASS = YES_ERROR;
				CLANG_WARN_QUOTED_INCLUDE_IN_FRAMEWORK_HEADER = YES;
				CLANG_WARN_RANGE_LOOP_ANALYSIS = YES;
				CLANG_WARN_STRICT_PROTOTYPES = YES;
				CLANG_WARN_SUSPICIOUS_MOVE = YES;
				CLANG_WARN_UNGUARDED_AVAILABILITY = YES_AGGRESSIVE;
				CLANG_WARN_UNREACHABLE_CODE = YES;
				CLANG_WARN__DUPLICATE_METHOD_MATCH = YES;
				COPY_PHASE_STRIP = NO;
				DEBUG_INFORMATION_FORMAT = "dwarf-with-dsym";
				ENABLE_NS_ASSERTIONS = NO;
				ENABLE_STRICT_OBJC_MSGSEND = YES;
				GCC_C_LANGUAGE_STANDARD = gnu11;
				GCC_NO_COMMON_BLOCKS = YES;
				GCC_WARN_64_TO_32_BIT_CONVERSION = YES;
				GCC_WARN_ABOUT_RETURN_TYPE = YES_ERROR;
				GCC_WARN_UNDECLARED_SELECTOR = YES;
				GCC_WARN_UNINITIALIZED_AUTOS = YES_AGGRESSIVE;
				GCC_WARN_UNUSED_FUNCTION = YES;
				GCC_WARN_UNUSED_VARIABLE = YES;
				IPHONEOS_DEPLOYMENT_TARGET = 15.1;
				MTL_ENABLE_DEBUG_INFO = NO;
				MTL_FAST_MATH = YES;
				PRODUCT_NAME = "$(TARGET_NAME)";
				SWIFT_COMPILATION_MODE = wholemodule;
				SWIFT_OPTIMIZATION_LEVEL = "-O";
				SWIFT_VERSION = 5.9;
				VALIDATE_PRODUCT = YES;
			};
			name = Release;
		};
		1AE1D80C0367AD875A928588 /* Release */ = {
			isa = XCBuildConfiguration;
			buildSettings = {
				BUILD_LIBRARY_FOR_DISTRIBUTION = YES;
				CLANG_ENABLE_MODULES = YES;
				CLANG_ENABLE_OBJC_ARC = YES;
				CLANG_ENABLE_OBJC_WEAK = NO;
				CURRENT_PROJECT_VERSION = 1;
				DEFINES_MODULE = YES;
				DYLIB_COMPATIBILITY_VERSION = 1;
				DYLIB_CURRENT_VERSION = 1;
				DYLIB_INSTALL_NAME_BASE = "@rpath";
				ENABLE_MODULE_VERIFIER = NO;
				FRAMEWORK_SEARCH_PATHS = (
					"$(inherited)",
					"$(BUILT_PRODUCTS_DIR)",
				);
				INFOPLIST_FILE = G6SensorKitUI/Info.plist;
				INSTALL_PATH = "$(LOCAL_LIBRARY_DIR)/Frameworks";
				IPHONEOS_DEPLOYMENT_TARGET = 15.1;
				LD_RUNPATH_SEARCH_PATHS = "$(inherited) @executable_path/Frameworks @loader_path/Frameworks";
				MARKETING_VERSION = 1.0;
				PRODUCT_BUNDLE_IDENTIFIER = org.nightscout.G6SensorKitUI;
				PRODUCT_NAME = "$(TARGET_NAME)";
				SDKROOT = iphoneos;
				SKIP_INSTALL = YES;
				SWIFT_EMIT_LOC_STRINGS = YES;
				SWIFT_VERSION = 5.9;
				TARGETED_DEVICE_FAMILY = 1;
				VALIDATE_PRODUCT = YES;
				VERSIONING_SYSTEM = "apple-generic";
				VERSION_INFO_PREFIX = "";
			};
			name = Release;
		};
		222C333070D0F8651A5DDC09 /* Debug */ = {
			isa = XCBuildConfiguration;
			buildSettings = {
				ALWAYS_SEARCH_USER_PATHS = NO;
				CLANG_ANALYZER_NONNULL = YES;
				CLANG_ANALYZER_NUMBER_OBJECT_CONVERSION = YES_AGGRESSIVE;
				CLANG_CXX_LANGUAGE_STANDARD = "gnu++14";
				CLANG_CXX_LIBRARY = "libc++";
				CLANG_ENABLE_MODULES = YES;
				CLANG_ENABLE_OBJC_ARC = YES;
				CLANG_ENABLE_OBJC_WEAK = YES;
				CLANG_WARN_BLOCK_CAPTURE_AUTORELEASING = YES;
				CLANG_WARN_BOOL_CONVERSION = YES;
				CLANG_WARN_COMMA = YES;
				CLANG_WARN_CONSTANT_CONVERSION = YES;
				CLANG_WARN_DEPRECATED_OBJC_IMPLEMENTATIONS = YES;
				CLANG_WARN_DIRECT_OBJC_ISA_USAGE = YES_ERROR;
				CLANG_WARN_DOCUMENTATION_COMMENTS = YES;
				CLANG_WARN_EMPTY_BODY = YES;
				CLANG_WARN_ENUM_CONVERSION = YES;
				CLANG_WARN_INFINITE_RECURSION = YES;
				CLANG_WARN_INT_CONVERSION = YES;
				CLANG_WARN_NON_LITERAL_NULL_CONVERSION = YES;
				CLANG_WARN_OBJC_IMPLICIT_RETAIN_SELF = YES;
				CLANG_WARN_OBJC_LITERAL_CONVERSION = YES;
				CLANG_WARN_OBJC_ROOT_CLASS = YES_ERROR;
				CLANG_WARN_QUOTED_INCLUDE_IN_FRAMEWORK_HEADER = YES;
				CLANG_WARN_RANGE_LOOP_ANALYSIS = YES;
				CLANG_WARN_STRICT_PROTOTYPES = YES;
				CLANG_WARN_SUSPICIOUS_MOVE = YES;
				CLANG_WARN_UNGUARDED_AVAILABILITY = YES_AGGRESSIVE;
				CLANG_WARN_UNREACHABLE_CODE = YES;
				CLANG_WARN__DUPLICATE_METHOD_MATCH = YES;
				COPY_PHASE_STRIP = NO;
				DEBUG_INFORMATION_FORMAT = dwarf;
				ENABLE_STRICT_OBJC_MSGSEND = YES;
				ENABLE_TESTABILITY = YES;
				GCC_C_LANGUAGE_STANDARD = gnu11;
				GCC_DYNAMIC_NO_PIC = NO;
				GCC_NO_COMMON_BLOCKS = YES;
				GCC_OPTIMIZATION_LEVEL = 0;
				GCC_PREPROCESSOR_DEFINITIONS = (
					"DEBUG=1",
					"$(inherited)",
				);
				GCC_WARN_64_TO_32_BIT_CONVERSION = YES;
				GCC_WARN_ABOUT_RETURN_TYPE = YES_ERROR;
				GCC_WARN_UNDECLARED_SELECTOR = YES;
				GCC_WARN_UNINITIALIZED_AUTOS = YES_AGGRESSIVE;
				GCC_WARN_UNUSED_FUNCTION = YES;
				GCC_WARN_UNUSED_VARIABLE = YES;
				IPHONEOS_DEPLOYMENT_TARGET = 15.1;
				MTL_ENABLE_DEBUG_INFO = INCLUDE_SOURCE;
				MTL_FAST_MATH = YES;
				ONLY_ACTIVE_ARCH = YES;
				PRODUCT_NAME = "$(TARGET_NAME)";
				SWIFT_ACTIVE_COMPILATION_CONDITIONS = DEBUG;
				SWIFT_OPTIMIZATION_LEVEL = "-Onone";
				SWIFT_VERSION = 5.9;
			};
			name = Debug;
		};
		98F6F8109B911D276CB9A52E /* Debug */ = {
			isa = XCBuildConfiguration;
			buildSettings = {
				BUILD_LIBRARY_FOR_DISTRIBUTION = YES;
				CLANG_ENABLE_MODULES = YES;
				CLANG_ENABLE_OBJC_ARC = YES;
				CLANG_ENABLE_OBJC_WEAK = NO;
				CURRENT_PROJECT_VERSION = 1;
				DEFINES_MODULE = YES;
				DYLIB_COMPATIBILITY_VERSION = 1;
				DYLIB_CURRENT_VERSION = 1;
				DYLIB_INSTALL_NAME_BASE = "@rpath";
				ENABLE_MODULE_VERIFIER = NO;
				FRAMEWORK_SEARCH_PATHS = (
					"$(inherited)",
					"$(BUILT_PRODUCTS_DIR)",
				);
				INFOPLIST_FILE = G6SensorKit/Info.plist;
				INSTALL_PATH = "$(LOCAL_LIBRARY_DIR)/Frameworks";
				IPHONEOS_DEPLOYMENT_TARGET = 15.1;
				LD_RUNPATH_SEARCH_PATHS = "$(inherited) @executable_path/Frameworks @loader_path/Frameworks";
				MARKETING_VERSION = 1.0;
				PRODUCT_BUNDLE_IDENTIFIER = org.nightscout.G6SensorKit;
				PRODUCT_NAME = "$(TARGET_NAME)";
				SDKROOT = iphoneos;
				SKIP_INSTALL = YES;
				SWIFT_EMIT_LOC_STRINGS = YES;
				SWIFT_VERSION = 5.9;
				TARGETED_DEVICE_FAMILY = 1;
				VERSIONING_SYSTEM = "apple-generic";
				VERSION_INFO_PREFIX = "";
			};
			name = Debug;
		};
		D9853CD9CF2489E939E9B1B7 /* Debug */ = {
			isa = XCBuildConfiguration;
			buildSettings = {
				BUILD_LIBRARY_FOR_DISTRIBUTION = YES;
				CLANG_ENABLE_MODULES = YES;
				CLANG_ENABLE_OBJC_ARC = YES;
				CLANG_ENABLE_OBJC_WEAK = NO;
				CURRENT_PROJECT_VERSION = 1;
				DEFINES_MODULE = YES;
				DYLIB_COMPATIBILITY_VERSION = 1;
				DYLIB_CURRENT_VERSION = 1;
				DYLIB_INSTALL_NAME_BASE = "@rpath";
				ENABLE_MODULE_VERIFIER = NO;
				FRAMEWORK_SEARCH_PATHS = (
					"$(inherited)",
					"$(BUILT_PRODUCTS_DIR)",
				);
				INFOPLIST_FILE = G6SensorKitUI/Info.plist;
				INSTALL_PATH = "$(LOCAL_LIBRARY_DIR)/Frameworks";
				IPHONEOS_DEPLOYMENT_TARGET = 15.1;
				LD_RUNPATH_SEARCH_PATHS = "$(inherited) @executable_path/Frameworks @loader_path/Frameworks";
				MARKETING_VERSION = 1.0;
				PRODUCT_BUNDLE_IDENTIFIER = org.nightscout.G6SensorKitUI;
				PRODUCT_NAME = "$(TARGET_NAME)";
				SDKROOT = iphoneos;
				SKIP_INSTALL = YES;
				SWIFT_EMIT_LOC_STRINGS = YES;
				SWIFT_VERSION = 5.9;
				TARGETED_DEVICE_FAMILY = 1;
				VERSIONING_SYSTEM = "apple-generic";
				VERSION_INFO_PREFIX = "";
			};
			name = Debug;
		};
		F5F1150AA306D577B24CACB2 /* Release */ = {
			isa = XCBuildConfiguration;
			buildSettings = {
				BUILD_LIBRARY_FOR_DISTRIBUTION = YES;
				CLANG_ENABLE_MODULES = YES;
				CLANG_ENABLE_OBJC_ARC = YES;
				CLANG_ENABLE_OBJC_WEAK = NO;
				CURRENT_PROJECT_VERSION = 1;
				DEFINES_MODULE = YES;
				DYLIB_COMPATIBILITY_VERSION = 1;
				DYLIB_CURRENT_VERSION = 1;
				DYLIB_INSTALL_NAME_BASE = "@rpath";
				ENABLE_MODULE_VERIFIER = NO;
				FRAMEWORK_SEARCH_PATHS = (
					"$(inherited)",
					"$(BUILT_PRODUCTS_DIR)",
				);
				INFOPLIST_FILE = G6SensorKit/Info.plist;
				INSTALL_PATH = "$(LOCAL_LIBRARY_DIR)/Frameworks";
				IPHONEOS_DEPLOYMENT_TARGET = 15.1;
				LD_RUNPATH_SEARCH_PATHS = "$(inherited) @executable_path/Frameworks @loader_path/Frameworks";
				MARKETING_VERSION = 1.0;
				PRODUCT_BUNDLE_IDENTIFIER = org.nightscout.G6SensorKit;
				PRODUCT_NAME = "$(TARGET_NAME)";
				SDKROOT = iphoneos;
				SKIP_INSTALL = YES;
				SWIFT_EMIT_LOC_STRINGS = YES;
				SWIFT_VERSION = 5.9;
				TARGETED_DEVICE_FAMILY = 1;
				VALIDATE_PRODUCT = YES;
				VERSIONING_SYSTEM = "apple-generic";
				VERSION_INFO_PREFIX = "";
			};
			name = Release;
		};
		FC3AF832A0B14A9957D5966C /* Release */ = {
			isa = XCBuildConfiguration;
			buildSettings = {
				BUILD_LIBRARY_FOR_DISTRIBUTION = YES;
				CLANG_ENABLE_MODULES = YES;
				CLANG_ENABLE_OBJC_ARC = YES;
				CLANG_ENABLE_OBJC_WEAK = NO;
				CURRENT_PROJECT_VERSION = 1;
				DEFINES_MODULE = NO;
				DYLIB_COMPATIBILITY_VERSION = 1;
				DYLIB_CURRENT_VERSION = 1;
				DYLIB_INSTALL_NAME_BASE = "@rpath";
				ENABLE_MODULE_VERIFIER = NO;
				FRAMEWORK_SEARCH_PATHS = (
					"$(inherited)",
					"$(BUILT_PRODUCTS_DIR)",
				);
				GENERATE_INFOPLIST_FILE = NO;
				INFOPLIST_FILE = G6SensorKitPlugin/Info.plist;
				INSTALL_PATH = "$(LOCAL_LIBRARY_DIR)/Frameworks";
				IPHONEOS_DEPLOYMENT_TARGET = 15.1;
				LD_RUNPATH_SEARCH_PATHS = "$(inherited) @executable_path/Frameworks @loader_path/Frameworks";
				MARKETING_VERSION = 1.0;
				PRODUCT_BUNDLE_IDENTIFIER = org.nightscout.G6SensorKitPlugin;
				PRODUCT_NAME = "$(TARGET_NAME)";
				SDKROOT = iphoneos;
				SKIP_INSTALL = YES;
				SWIFT_EMIT_LOC_STRINGS = YES;
				SWIFT_VERSION = 5.9;
				TARGETED_DEVICE_FAMILY = 1;
				VALIDATE_PRODUCT = YES;
				VERSIONING_SYSTEM = "apple-generic";
				VERSION_INFO_PREFIX = "";
				WRAPPER_EXTENSION = loopplugin;
			};
			name = Release;
		};
/* End XCBuildConfiguration section */

/* Begin XCConfigurationList section */
		0871B09F7297CFA1E6F3ADCB /* Build configuration list for PBXNativeTarget "G6SensorKitUI" */ = {
			isa = XCConfigurationList;
			buildConfigurations = (
				1AE1D80C0367AD875A928588 /* Release */,
				D9853CD9CF2489E939E9B1B7 /* Debug */,
			);
			defaultConfigurationIsVisible = 0;
			defaultConfigurationName = Release;
		};
		1F831DF837A28B0445B1871F /* Build configuration list for PBXProject "G6SensorKit" */ = {
			isa = XCConfigurationList;
			buildConfigurations = (
				222C333070D0F8651A5DDC09 /* Debug */,
				0A0532B628C24522B116C2FD /* Release */,
			);
			defaultConfigurationIsVisible = 0;
			defaultConfigurationName = Release;
		};
		3C02D248834BA3228A2A0985 /* Build configuration list for PBXNativeTarget "G6SensorKit" */ = {
			isa = XCConfigurationList;
			buildConfigurations = (
				F5F1150AA306D577B24CACB2 /* Release */,
				98F6F8109B911D276CB9A52E /* Debug */,
			);
			defaultConfigurationIsVisible = 0;
			defaultConfigurationName = Release;
		};
		5C9202DE59969D7F24D99477 /* Build configuration list for PBXNativeTarget "G6SensorKitPlugin" */ = {
			isa = XCConfigurationList;
			buildConfigurations = (
				FC3AF832A0B14A9957D5966C /* Release */,
				000A188CB4AC3C534F7DEDA5 /* Debug */,
			);
			defaultConfigurationIsVisible = 0;
			defaultConfigurationName = Release;
		};
/* End XCConfigurationList section */

/* Begin XCLocalSwiftPackageReference section */
		17A8E591A82F95E6476AA1C9 /* XCLocalSwiftPackageReference "." */ = {
			isa = XCLocalSwiftPackageReference;
			relativePath = .;
		};
/* End XCLocalSwiftPackageReference section */

/* Begin XCSwiftPackageProductDependency section */
		7B648B7A7143DAA0CE2F4FF9 /* G6SensorCore */ = {
			isa = XCSwiftPackageProductDependency;
			productName = G6SensorCore;
		};
/* End XCSwiftPackageProductDependency section */
	};
	rootObject = 9254155A3D36B6309735ED9B /* Project object */;
}
