// !$*UTF8*$!
{
	archiveVersion = 1;
	classes = {
	};
	objectVersion = 46;
	objects = {

/* Begin PBXBuildFile section */
		0693C7476402404DE20D9B4F /* G6SensorKitUI.framework in Frameworks */ = {isa = PBXBuildFile; fileRef = D7D03FEB69599D0AF52C22E7 /* G6SensorKitUI.framework */; };
		08A233C9F8B1EEE650BF50FD /* Foundation.framework in Frameworks */ = {isa = PBXBuildFile; fileRef = A05FE6FDE339FE9321E759CE /* Foundation.framework */; };
		0DCAF3F659A2703E9CE24557 /* Foundation.framework in Frameworks */ = {isa = PBXBuildFile; fileRef = A05FE6FDE339FE9321E759CE /* Foundation.framework */; };
		113A6AADAEB5985A9833663C /* G6UICoordinator.swift in Sources */ = {isa = PBXBuildFile; fileRef = B5028E90A753D82115E51BAB /* G6UICoordinator.swift */; };
		1A031090C7910D3B4BF01246 /* G6ApplySensorViews.swift in Sources */ = {isa = PBXBuildFile; fileRef = EA4C8C72C6C5749880D0BD5C /* G6ApplySensorViews.swift */; };
		1D75C9FD5B5D1798EA308C39 /* G6CGMManagerState.swift in Sources */ = {isa = PBXBuildFile; fileRef = D70699BE714273A4BD5D45AC /* G6CGMManagerState.swift */; };
		22BB2B2C62819EF28F71536C /* G6ShareCredentialStore.swift in Sources */ = {isa = PBXBuildFile; fileRef = 8DFA312ADF260746CCC9301B /* G6ShareCredentialStore.swift */; };
		29A6CAB9D3F1429C79C19511 /* G6OnboardingViews.swift in Sources */ = {isa = PBXBuildFile; fileRef = 0E000DC9B3FDC9F2050CED65 /* G6OnboardingViews.swift */; };
		2E65773EEED2B72034485C42 /* G6SensorKit.framework in Embed Frameworks */ = {isa = PBXBuildFile; fileRef = DDAD343CEBAA70172F375006 /* G6SensorKit.framework */; settings = {ATTRIBUTES = (CodeSignOnCopy, RemoveHeadersOnCopy, ); }; };
		3098352571C4019F26687C99 /* G6CGMManager.swift in Sources */ = {isa = PBXBuildFile; fileRef = CE0275C0BBB9440BE16CBDF2 /* G6CGMManager.swift */; };
		37DEA0FE2BA2BF0AE14ADF13 /* Localizable.xcstrings in Resources */ = {isa = PBXBuildFile; fileRef = 9B5551B35D84DFE748E0B321 /* Localizable.xcstrings */; };
		3AE0A4224E186716AD9B38BA /* G6CGMManager+UI.swift in Sources */ = {isa = PBXBuildFile; fileRef = 3C499A8F2A45C5A5F2F6804C /* G6CGMManager+UI.swift */; };
		47095EDB584677B51133FB55 /* TimeInterval.swift in Sources */ = {isa = PBXBuildFile; fileRef = 84CA1FD8713E9A195D3BEA65 /* TimeInterval.swift */; };
		49DEA9F14CC66EE8CF7A1938 /* G6AlertEvaluator.swift in Sources */ = {isa = PBXBuildFile; fileRef = 5890F3F14505D20A3BF454AA /* G6AlertEvaluator.swift */; };
		4B60FA598DDD83373BF9AF9A /* LocalizedString.swift in Sources */ = {isa = PBXBuildFile; fileRef = 54F40591DF7546BD56902D34 /* LocalizedString.swift */; };
		51E9F176C1D5B4D4C16A59A3 /* Assets.xcassets in Resources */ = {isa = PBXBuildFile; fileRef = 8951478AD4BD18A38807B735 /* Assets.xcassets */; };
		52069C196E0860E1FCAA8146 /* LoopKitUI.framework in Frameworks */ = {isa = PBXBuildFile; fileRef = 119FBC1B7DA145CCFD8E17F3 /* LoopKitUI.framework */; };
		56DB4016BF61B7A5DEE9F47F /* G6ActivityViewController.swift in Sources */ = {isa = PBXBuildFile; fileRef = EA7732FACCE0CBE0F2F3B38C /* G6ActivityViewController.swift */; };
		59206A3FBADAC02D985182A1 /* G6PackageScannerView.swift in Sources */ = {isa = PBXBuildFile; fileRef = EA1B967C98FAF4A32CF34800 /* G6PackageScannerView.swift */; };
		66AF27897E99EE1859962C21 /* Localizable.xcstrings in Resources */ = {isa = PBXBuildFile; fileRef = CDEF209176738C95929680EC /* Localizable.xcstrings */; };
		69F9DC12AEE8DB64C7D39D7E /* OSLog.swift in Sources */ = {isa = PBXBuildFile; fileRef = AD71DF7E83AF717270ABEB4F /* OSLog.swift */; };
		766AD55DDB016FA0D4CE7531 /* G6SensorKitPlugin.swift in Sources */ = {isa = PBXBuildFile; fileRef = 1FCA7C7B1082F4DB56383E62 /* G6SensorKitPlugin.swift */; };
		779E0E2EFCD8988DB0D48E1E /* G6ReadingDetailView.swift in Sources */ = {isa = PBXBuildFile; fileRef = F1C1DFABF454CD486038D23B /* G6ReadingDetailView.swift */; };
		7C492DE3E17736DC551DA2EB /* Foundation.framework in Frameworks */ = {isa = PBXBuildFile; fileRef = A05FE6FDE339FE9321E759CE /* Foundation.framework */; };
		7F02F2A865E554B97A785906 /* LoopKit.framework in Frameworks */ = {isa = PBXBuildFile; fileRef = 7E87AE5D60C3B9C9E8C81472 /* LoopKit.framework */; };
		81AF0901E0F6A16A4634AAF5 /* LocalizedString.swift in Sources */ = {isa = PBXBuildFile; fileRef = EE39687E90C268D1324F4928 /* LocalizedString.swift */; };
		88F90B528970A11DC5A0D6A0 /* LoopKit.framework in Frameworks */ = {isa = PBXBuildFile; fileRef = 7E87AE5D60C3B9C9E8C81472 /* LoopKit.framework */; };
		8955744E48E5793B6019A69D /* G6Graphics.swift in Sources */ = {isa = PBXBuildFile; fileRef = 7BECD386214266280C635EF4 /* G6Graphics.swift */; };
		90E1E35D64D8B5B905A2C2A4 /* G6SimulatedSession.swift in Sources */ = {isa = PBXBuildFile; fileRef = CE7D978600747DD5D213658C /* G6SimulatedSession.swift */; };
		957A9D07764B7C40DFBBEF6A /* G6DetailViews.swift in Sources */ = {isa = PBXBuildFile; fileRef = 3B9AFCC06065A5816CF9B0D0 /* G6DetailViews.swift */; };
		990AF949E54DE82A45F260E6 /* G6SensorKit.framework in Frameworks */ = {isa = PBXBuildFile; fileRef = DDAD343CEBAA70172F375006 /* G6SensorKit.framework */; };
		A8D7FD3BA2F4591BC1E043C5 /* G6Alert.swift in Sources */ = {isa = PBXBuildFile; fileRef = F32113D2719FEFFC866A296E /* G6Alert.swift */; };
		B07CE4D488047BAB8E73A5D5 /* G6SensorKit.framework in Frameworks */ = {isa = PBXBuildFile; fileRef = DDAD343CEBAA70172F375006 /* G6SensorKit.framework */; };
		B4312F20327B994F68EA3B2F /* Locked.swift in Sources */ = {isa = PBXBuildFile; fileRef = 4757E22C8DF1FFACB0F5FE55 /* Locked.swift */; };
		B74C908295343E4D9541421A /* G6SettingsView.swift in Sources */ = {isa = PBXBuildFile; fileRef = 701FB5943D703C73F0914901 /* G6SettingsView.swift */; };
		BAB668D8A5161A2CFA99EE4F /* LoopKit.framework in Frameworks */ = {isa = PBXBuildFile; fileRef = 7E87AE5D60C3B9C9E8C81472 /* LoopKit.framework */; };
		C156DFB9A7376B332B0A9090 /* G6CalibrationGuideView.swift in Sources */ = {isa = PBXBuildFile; fileRef = F1400B7D723677F1F4E972C6 /* G6CalibrationGuideView.swift */; };
		C5A03437EB059CD181CD4931 /* G6SensorKitUI.framework in Embed Frameworks */ = {isa = PBXBuildFile; fileRef = D7D03FEB69599D0AF52C22E7 /* G6SensorKitUI.framework */; settings = {ATTRIBUTES = (CodeSignOnCopy, RemoveHeadersOnCopy, ); }; };
		CA78A9937F8B70F55524820B /* HKUnit.swift in Sources */ = {isa = PBXBuildFile; fileRef = 868A9B29D7E79FF89C96DB5D /* HKUnit.swift */; };
		CBDC88F219D43D305FB343B0 /* HKUnit.swift in Sources */ = {isa = PBXBuildFile; fileRef = 8EFA396B891E4BDFE3D274C7 /* HKUnit.swift */; };
		F5B979D63490B082BA6EDAF6 /* LoopKitUI.framework in Frameworks */ = {isa = PBXBuildFile; fileRef = 119FBC1B7DA145CCFD8E17F3 /* LoopKitUI.framework */; };
/* End PBXBuildFile section */

/* Begin PBXContainerItemProxy section */
		6DEB037B2C11C81B47415311 /* PBXContainerItemProxy */ = {
			isa = PBXContainerItemProxy;
			containerPortal = 7DEBAED43E1D4606FF3FD912 /* Project object */;
			proxyType = 1;
			remoteGlobalIDString = 09335603AF5648226FC57BDD;
			remoteInfo = G6SensorKit;
		};
		AAE0E5C2368DE5F178EBA0A0 /* PBXContainerItemProxy */ = {
			isa = PBXContainerItemProxy;
			containerPortal = 7DEBAED43E1D4606FF3FD912 /* Project object */;
			proxyType = 1;
			remoteGlobalIDString = 81F390A243C74FC62F2D96A1;
			remoteInfo = G6SensorKitUI;
		};
		EEC597C8A44555CBC2C31860 /* PBXContainerItemProxy */ = {
			isa = PBXContainerItemProxy;
			containerPortal = 7DEBAED43E1D4606FF3FD912 /* Project object */;
			proxyType = 1;
			remoteGlobalIDString = 09335603AF5648226FC57BDD;
			remoteInfo = G6SensorKit;
		};
/* End PBXContainerItemProxy section */

/* Begin PBXCopyFilesBuildPhase section */
		8DADB55D2D89E3F4C5997BF2 /* Embed Frameworks */ = {
			isa = PBXCopyFilesBuildPhase;
			buildActionMask = 2147483647;
			dstPath = "";
			dstSubfolderSpec = 10;
			files = (
				2E65773EEED2B72034485C42 /* G6SensorKit.framework in Embed Frameworks */,
				C5A03437EB059CD181CD4931 /* G6SensorKitUI.framework in Embed Frameworks */,
			);
			name = "Embed Frameworks";
			runOnlyForDeploymentPostprocessing = 0;
		};
/* End PBXCopyFilesBuildPhase section */

/* Begin PBXFileReference section */
		0E000DC9B3FDC9F2050CED65 /* G6OnboardingViews.swift */ = {isa = PBXFileReference; includeInIndex = 1; lastKnownFileType = sourcecode.swift; name = G6OnboardingViews.swift; path = Views/G6OnboardingViews.swift; sourceTree = "<group>"; };
		119FBC1B7DA145CCFD8E17F3 /* LoopKitUI.framework */ = {isa = PBXFileReference; explicitFileType = wrapper.framework; includeInIndex = 0; path = LoopKitUI.framework; sourceTree = BUILT_PRODUCTS_DIR; };
		1FCA7C7B1082F4DB56383E62 /* G6SensorKitPlugin.swift */ = {isa = PBXFileReference; includeInIndex = 1; lastKnownFileType = sourcecode.swift; path = G6SensorKitPlugin.swift; sourceTree = "<group>"; };
		3B9AFCC06065A5816CF9B0D0 /* G6DetailViews.swift */ = {isa = PBXFileReference; includeInIndex = 1; lastKnownFileType = sourcecode.swift; name = G6DetailViews.swift; path = Views/G6DetailViews.swift; sourceTree = "<group>"; };
		3C499A8F2A45C5A5F2F6804C /* G6CGMManager+UI.swift */ = {isa = PBXFileReference; includeInIndex = 1; lastKnownFileType = sourcecode.swift; path = "G6CGMManager+UI.swift"; sourceTree = "<group>"; };
		4757E22C8DF1FFACB0F5FE55 /* Locked.swift */ = {isa = PBXFileReference; includeInIndex = 1; lastKnownFileType = sourcecode.swift; path = Locked.swift; sourceTree = "<group>"; };
		54F40591DF7546BD56902D34 /* LocalizedString.swift */ = {isa = PBXFileReference; includeInIndex = 1; lastKnownFileType = sourcecode.swift; path = LocalizedString.swift; sourceTree = "<group>"; };
		5890F3F14505D20A3BF454AA /* G6AlertEvaluator.swift */ = {isa = PBXFileReference; includeInIndex = 1; lastKnownFileType = sourcecode.swift; path = G6AlertEvaluator.swift; sourceTree = "<group>"; };
		701FB5943D703C73F0914901 /* G6SettingsView.swift */ = {isa = PBXFileReference; includeInIndex = 1; lastKnownFileType = sourcecode.swift; name = G6SettingsView.swift; path = Views/G6SettingsView.swift; sourceTree = "<group>"; };
		7BECD386214266280C635EF4 /* G6Graphics.swift */ = {isa = PBXFileReference; includeInIndex = 1; lastKnownFileType = sourcecode.swift; name = G6Graphics.swift; path = Views/G6Graphics.swift; sourceTree = "<group>"; };
		7E87AE5D60C3B9C9E8C81472 /* LoopKit.framework */ = {isa = PBXFileReference; explicitFileType = wrapper.framework; includeInIndex = 0; path = LoopKit.framework; sourceTree = BUILT_PRODUCTS_DIR; };
		84CA1FD8713E9A195D3BEA65 /* TimeInterval.swift */ = {isa = PBXFileReference; includeInIndex = 1; lastKnownFileType = sourcecode.swift; path = TimeInterval.swift; sourceTree = "<group>"; };
		868A9B29D7E79FF89C96DB5D /* HKUnit.swift */ = {isa = PBXFileReference; includeInIndex = 1; lastKnownFileType = sourcecode.swift; path = HKUnit.swift; sourceTree = "<group>"; };
		8951478AD4BD18A38807B735 /* Assets.xcassets */ = {isa = PBXFileReference; includeInIndex = 1; lastKnownFileType = folder.assetcatalog; path = Assets.xcassets; sourceTree = "<group>"; };
		8DFA312ADF260746CCC9301B /* G6ShareCredentialStore.swift */ = {isa = PBXFileReference; includeInIndex = 1; lastKnownFileType = sourcecode.swift; path = G6ShareCredentialStore.swift; sourceTree = "<group>"; };
		8EFA396B891E4BDFE3D274C7 /* HKUnit.swift */ = {isa = PBXFileReference; includeInIndex = 1; lastKnownFileType = sourcecode.swift; path = HKUnit.swift; sourceTree = "<group>"; };
		98A7EC476C76B121A139FB05 /* G6SensorKitPlugin.framework */ = {isa = PBXFileReference; explicitFileType = wrapper.framework; includeInIndex = 0; path = G6SensorKitPlugin.framework; sourceTree = BUILT_PRODUCTS_DIR; };
		9B5551B35D84DFE748E0B321 /* Localizable.xcstrings */ = {isa = PBXFileReference; includeInIndex = 1; path = Localizable.xcstrings; sourceTree = "<group>"; };
		A05FE6FDE339FE9321E759CE /* Foundation.framework */ = {isa = PBXFileReference; lastKnownFileType = wrapper.framework; name = Foundation.framework; path = Platforms/iPhoneOS.platform/Developer/SDKs/iPhoneOS26.0.sdk/System/Library/Frameworks/Foundation.framework; sourceTree = DEVELOPER_DIR; };
		AD71DF7E83AF717270ABEB4F /* OSLog.swift */ = {isa = PBXFileReference; includeInIndex = 1; lastKnownFileType = sourcecode.swift; path = OSLog.swift; sourceTree = "<group>"; };
		B5028E90A753D82115E51BAB /* G6UICoordinator.swift */ = {isa = PBXFileReference; includeInIndex = 1; lastKnownFileType = sourcecode.swift; path = G6UICoordinator.swift; sourceTree = "<group>"; };
		CDEF209176738C95929680EC /* Localizable.xcstrings */ = {isa = PBXFileReference; includeInIndex = 1; path = Localizable.xcstrings; sourceTree = "<group>"; };
		CE0275C0BBB9440BE16CBDF2 /* G6CGMManager.swift */ = {isa = PBXFileReference; includeInIndex = 1; lastKnownFileType = sourcecode.swift; path = G6CGMManager.swift; sourceTree = "<group>"; };
		CE7D978600747DD5D213658C /* G6SimulatedSession.swift */ = {isa = PBXFileReference; includeInIndex = 1; lastKnownFileType = sourcecode.swift; path = G6SimulatedSession.swift; sourceTree = "<group>"; };
		D70699BE714273A4BD5D45AC /* G6CGMManagerState.swift */ = {isa = PBXFileReference; includeInIndex = 1; lastKnownFileType = sourcecode.swift; path = G6CGMManagerState.swift; sourceTree = "<group>"; };
		D7D03FEB69599D0AF52C22E7 /* G6SensorKitUI.framework */ = {isa = PBXFileReference; explicitFileType = wrapper.framework; includeInIndex = 0; path = G6SensorKitUI.framework; sourceTree = BUILT_PRODUCTS_DIR; };
		DDAD343CEBAA70172F375006 /* G6SensorKit.framework */ = {isa = PBXFileReference; explicitFileType = wrapper.framework; includeInIndex = 0; path = G6SensorKit.framework; sourceTree = BUILT_PRODUCTS_DIR; };
		EA1B967C98FAF4A32CF34800 /* G6PackageScannerView.swift */ = {isa = PBXFileReference; includeInIndex = 1; lastKnownFileType = sourcecode.swift; name = G6PackageScannerView.swift; path = Views/G6PackageScannerView.swift; sourceTree = "<group>"; };
		EA4C8C72C6C5749880D0BD5C /* G6ApplySensorViews.swift */ = {isa = PBXFileReference; includeInIndex = 1; lastKnownFileType = sourcecode.swift; name = G6ApplySensorViews.swift; path = Views/G6ApplySensorViews.swift; sourceTree = "<group>"; };
		EA7732FACCE0CBE0F2F3B38C /* G6ActivityViewController.swift */ = {isa = PBXFileReference; includeInIndex = 1; lastKnownFileType = sourcecode.swift; name = G6ActivityViewController.swift; path = Views/G6ActivityViewController.swift; sourceTree = "<group>"; };
		EE39687E90C268D1324F4928 /* LocalizedString.swift */ = {isa = PBXFileReference; includeInIndex = 1; lastKnownFileType = sourcecode.swift; path = LocalizedString.swift; sourceTree = "<group>"; };
		F1400B7D723677F1F4E972C6 /* G6CalibrationGuideView.swift */ = {isa = PBXFileReference; includeInIndex = 1; lastKnownFileType = sourcecode.swift; name = G6CalibrationGuideView.swift; path = Views/G6CalibrationGuideView.swift; sourceTree = "<group>"; };
		F1C1DFABF454CD486038D23B /* G6ReadingDetailView.swift */ = {isa = PBXFileReference; includeInIndex = 1; lastKnownFileType = sourcecode.swift; name = G6ReadingDetailView.swift; path = Views/G6ReadingDetailView.swift; sourceTree = "<group>"; };
		F32113D2719FEFFC866A296E /* G6Alert.swift */ = {isa = PBXFileReference; includeInIndex = 1; lastKnownFileType = sourcecode.swift; path = G6Alert.swift; sourceTree = "<group>"; };
/* End PBXFileReference section */

/* Begin PBXFrameworksBuildPhase section */
		0DADADB95F8B6B4EE8BBD291 /* Frameworks */ = {
			isa = PBXFrameworksBuildPhase;
			buildActionMask = 2147483647;
			files = (
				7C492DE3E17736DC551DA2EB /* Foundation.framework in Frameworks */,
				BAB668D8A5161A2CFA99EE4F /* LoopKit.framework in Frameworks */,
			);
			runOnlyForDeploymentPostprocessing = 0;
		};
		7E51350C1DFCD8D28A2734F5 /* Frameworks */ = {
			isa = PBXFrameworksBuildPhase;
			buildActionMask = 2147483647;
			files = (
				0DCAF3F659A2703E9CE24557 /* Foundation.framework in Frameworks */,
				7F02F2A865E554B97A785906 /* LoopKit.framework in Frameworks */,
				F5B979D63490B082BA6EDAF6 /* LoopKitUI.framework in Frameworks */,
				990AF949E54DE82A45F260E6 /* G6SensorKit.framework in Frameworks */,
				0693C7476402404DE20D9B4F /* G6SensorKitUI.framework in Frameworks */,
			);
			runOnlyForDeploymentPostprocessing = 0;
		};
		B0308539A01D8375A0B43EF4 /* Frameworks */ = {
			isa = PBXFrameworksBuildPhase;
			buildActionMask = 2147483647;
			files = (
				08A233C9F8B1EEE650BF50FD /* Foundation.framework in Frameworks */,
				88F90B528970A11DC5A0D6A0 /* LoopKit.framework in Frameworks */,
				52069C196E0860E1FCAA8146 /* LoopKitUI.framework in Frameworks */,
				B07CE4D488047BAB8E73A5D5 /* G6SensorKit.framework in Frameworks */,
			);
			runOnlyForDeploymentPostprocessing = 0;
		};
/* End PBXFrameworksBuildPhase section */

/* Begin PBXGroup section */
		1B6E3A15801163A7EDDC18B0 = {
			isa = PBXGroup;
			children = (
				73C056E01BDF2C32C4010248 /* G6SensorKit */,
				FE65C9531147916346925C03 /* Common */,
				86FEC5F564DA61606B5AAC38 /* G6SensorKitUI */,
				8735A9ACBBACA7E2C94847D0 /* G6SensorKitPlugin */,
				9306DFA63B200FA524EDB85D /* Products */,
				D8EFE4C33EF051BAA9C3642E /* Frameworks */,
			);
			sourceTree = "<group>";
		};
		6A6E300163BCF6800DE164CC /* iOS */ = {
			isa = PBXGroup;
			children = (
				A05FE6FDE339FE9321E759CE /* Foundation.framework */,
			);
			name = iOS;
			sourceTree = "<group>";
		};
		73C056E01BDF2C32C4010248 /* G6SensorKit */ = {
			isa = PBXGroup;
			children = (
				F32113D2719FEFFC866A296E /* G6Alert.swift */,
				5890F3F14505D20A3BF454AA /* G6AlertEvaluator.swift */,
				CE0275C0BBB9440BE16CBDF2 /* G6CGMManager.swift */,
				D70699BE714273A4BD5D45AC /* G6CGMManagerState.swift */,
				8DFA312ADF260746CCC9301B /* G6ShareCredentialStore.swift */,
				CE7D978600747DD5D213658C /* G6SimulatedSession.swift */,
				9B5551B35D84DFE748E0B321 /* Localizable.xcstrings */,
			);
			name = G6SensorKit;
			path = G6SensorKit;
			sourceTree = "<group>";
		};
		86FEC5F564DA61606B5AAC38 /* G6SensorKitUI */ = {
			isa = PBXGroup;
			children = (
				3C499A8F2A45C5A5F2F6804C /* G6CGMManager+UI.swift */,
				B5028E90A753D82115E51BAB /* G6UICoordinator.swift */,
				54F40591DF7546BD56902D34 /* LocalizedString.swift */,
				EA7732FACCE0CBE0F2F3B38C /* G6ActivityViewController.swift */,
				EA4C8C72C6C5749880D0BD5C /* G6ApplySensorViews.swift */,
				F1400B7D723677F1F4E972C6 /* G6CalibrationGuideView.swift */,
				3B9AFCC06065A5816CF9B0D0 /* G6DetailViews.swift */,
				7BECD386214266280C635EF4 /* G6Graphics.swift */,
				0E000DC9B3FDC9F2050CED65 /* G6OnboardingViews.swift */,
				EA1B967C98FAF4A32CF34800 /* G6PackageScannerView.swift */,
				F1C1DFABF454CD486038D23B /* G6ReadingDetailView.swift */,
				701FB5943D703C73F0914901 /* G6SettingsView.swift */,
				CDEF209176738C95929680EC /* Localizable.xcstrings */,
				8951478AD4BD18A38807B735 /* Assets.xcassets */,
			);
			name = G6SensorKitUI;
			path = G6SensorKitUI;
			sourceTree = "<group>";
		};
		8735A9ACBBACA7E2C94847D0 /* G6SensorKitPlugin */ = {
			isa = PBXGroup;
			children = (
				1FCA7C7B1082F4DB56383E62 /* G6SensorKitPlugin.swift */,
			);
			name = G6SensorKitPlugin;
			path = G6SensorKitPlugin;
			sourceTree = "<group>";
		};
		9306DFA63B200FA524EDB85D /* Products */ = {
			isa = PBXGroup;
			children = (
				DDAD343CEBAA70172F375006 /* G6SensorKit.framework */,
				D7D03FEB69599D0AF52C22E7 /* G6SensorKitUI.framework */,
				98A7EC476C76B121A139FB05 /* G6SensorKitPlugin.framework */,
			);
			name = Products;
			sourceTree = "<group>";
		};
		D8EFE4C33EF051BAA9C3642E /* Frameworks */ = {
			isa = PBXGroup;
			children = (
				7E87AE5D60C3B9C9E8C81472 /* LoopKit.framework */,
				119FBC1B7DA145CCFD8E17F3 /* LoopKitUI.framework */,
				6A6E300163BCF6800DE164CC /* iOS */,
			);
			name = Frameworks;
			sourceTree = "<group>";
		};
		FE65C9531147916346925C03 /* Common */ = {
			isa = PBXGroup;
			children = (
				868A9B29D7E79FF89C96DB5D /* HKUnit.swift */,
				EE39687E90C268D1324F4928 /* LocalizedString.swift */,
				4757E22C8DF1FFACB0F5FE55 /* Locked.swift */,
				AD71DF7E83AF717270ABEB4F /* OSLog.swift */,
				84CA1FD8713E9A195D3BEA65 /* TimeInterval.swift */,
				8EFA396B891E4BDFE3D274C7 /* HKUnit.swift */,
			);
			name = Common;
			path = Common;
			sourceTree = "<group>";
		};
/* End PBXGroup section */

/* Begin PBXHeadersBuildPhase section */
		73AF5A35F193528B276B30B4 /* Headers */ = {
			isa = PBXHeadersBuildPhase;
			buildActionMask = 2147483647;
			files = (
			);
			runOnlyForDeploymentPostprocessing = 0;
		};
		B371086234D0EE811F02EC7D /* Headers */ = {
			isa = PBXHeadersBuildPhase;
			buildActionMask = 2147483647;
			files = (
			);
			runOnlyForDeploymentPostprocessing = 0;
		};
		BB4D67F09424EEBE210E689C /* Headers */ = {
			isa = PBXHeadersBuildPhase;
			buildActionMask = 2147483647;
			files = (
			);
			runOnlyForDeploymentPostprocessing = 0;
		};
/* End PBXHeadersBuildPhase section */

/* Begin PBXNativeTarget section */
		09335603AF5648226FC57BDD /* G6SensorKit */ = {
			isa = PBXNativeTarget;
			buildConfigurationList = CCF0FF127493D98642A8659A /* Build configuration list for PBXNativeTarget "G6SensorKit" */;
			buildPhases = (
				73AF5A35F193528B276B30B4 /* Headers */,
				A7014F2B4A8E71778514B0ED /* Sources */,
				0DADADB95F8B6B4EE8BBD291 /* Frameworks */,
				A14A0BEC872E5B61AAEF9C97 /* Resources */,
			);
			buildRules = (
			);
			dependencies = (
			);
			name = G6SensorKit;
			packageProductDependencies = (
				D394DBFFF1C24A5BE57AD26C /* G6SensorCore */,
			);
			productName = G6SensorKit;
			productReference = DDAD343CEBAA70172F375006 /* G6SensorKit.framework */;
			productType = "com.apple.product-type.framework";
		};
		350C634F69815B1C4E0D8ACC /* G6SensorKitPlugin */ = {
			isa = PBXNativeTarget;
			buildConfigurationList = BF1A336FAFA87AA5EAEAF56A /* Build configuration list for PBXNativeTarget "G6SensorKitPlugin" */;
			buildPhases = (
				B371086234D0EE811F02EC7D /* Headers */,
				B52E76D39F272FBFCA5CFC20 /* Sources */,
				7E51350C1DFCD8D28A2734F5 /* Frameworks */,
				F94EE9C2A48DF3DA8B2F856E /* Resources */,
				8DADB55D2D89E3F4C5997BF2 /* Embed Frameworks */,
			);
			buildRules = (
			);
			dependencies = (
				765B7BD50495DB444A1963DB /* PBXTargetDependency */,
				02D3824D7998AA7BB603E4B0 /* PBXTargetDependency */,
			);
			name = G6SensorKitPlugin;
			productName = G6SensorKitPlugin;
			productReference = 98A7EC476C76B121A139FB05 /* G6SensorKitPlugin.framework */;
			productType = "com.apple.product-type.framework";
		};
		81F390A243C74FC62F2D96A1 /* G6SensorKitUI */ = {
			isa = PBXNativeTarget;
			buildConfigurationList = 46716CE46FCB498D573CFB95 /* Build configuration list for PBXNativeTarget "G6SensorKitUI" */;
			buildPhases = (
				BB4D67F09424EEBE210E689C /* Headers */,
				645A1FC8D344F4493716F92A /* Sources */,
				B0308539A01D8375A0B43EF4 /* Frameworks */,
				BC0BD21D3B7639D7D9899099 /* Resources */,
			);
			buildRules = (
			);
			dependencies = (
				7B658B66EC05118906BACD6A /* PBXTargetDependency */,
			);
			name = G6SensorKitUI;
			productName = G6SensorKitUI;
			productReference = D7D03FEB69599D0AF52C22E7 /* G6SensorKitUI.framework */;
			productType = "com.apple.product-type.framework";
		};
/* End PBXNativeTarget section */

/* Begin PBXProject section */
		7DEBAED43E1D4606FF3FD912 /* Project object */ = {
			isa = PBXProject;
			attributes = {
				LastSwiftUpdateCheck = 1600;
				LastUpgradeCheck = 1600;
			};
			buildConfigurationList = 5B553683CF19BBB44D32F54D /* Build configuration list for PBXProject "G6SensorKit" */;
			compatibilityVersion = "Xcode 3.2";
			developmentRegion = en;
			hasScannedForEncodings = 0;
			knownRegions = (
				en,
				Base,
			);
			mainGroup = 1B6E3A15801163A7EDDC18B0;
			minimizedProjectReferenceProxies = 0;
			packageReferences = (
				EDC1BC10B795C488BF680E84 /* XCLocalSwiftPackageReference "." */,
			);
			preferredProjectObjectVersion = 100;
			productRefGroup = 9306DFA63B200FA524EDB85D /* Products */;
			projectDirPath = "";
			projectRoot = "";
			targets = (
				09335603AF5648226FC57BDD /* G6SensorKit */,
				81F390A243C74FC62F2D96A1 /* G6SensorKitUI */,
				350C634F69815B1C4E0D8ACC /* G6SensorKitPlugin */,
			);
		};
/* End PBXProject section */

/* Begin PBXResourcesBuildPhase section */
		A14A0BEC872E5B61AAEF9C97 /* Resources */ = {
			isa = PBXResourcesBuildPhase;
			buildActionMask = 2147483647;
			files = (
				37DEA0FE2BA2BF0AE14ADF13 /* Localizable.xcstrings in Resources */,
			);
			runOnlyForDeploymentPostprocessing = 0;
		};
		BC0BD21D3B7639D7D9899099 /* Resources */ = {
			isa = PBXResourcesBuildPhase;
			buildActionMask = 2147483647;
			files = (
				66AF27897E99EE1859962C21 /* Localizable.xcstrings in Resources */,
				51E9F176C1D5B4D4C16A59A3 /* Assets.xcassets in Resources */,
			);
			runOnlyForDeploymentPostprocessing = 0;
		};
		F94EE9C2A48DF3DA8B2F856E /* Resources */ = {
			isa = PBXResourcesBuildPhase;
			buildActionMask = 2147483647;
			files = (
			);
			runOnlyForDeploymentPostprocessing = 0;
		};
/* End PBXResourcesBuildPhase section */

/* Begin PBXSourcesBuildPhase section */
		645A1FC8D344F4493716F92A /* Sources */ = {
			isa = PBXSourcesBuildPhase;
			buildActionMask = 2147483647;
			files = (
				3AE0A4224E186716AD9B38BA /* G6CGMManager+UI.swift in Sources */,
				113A6AADAEB5985A9833663C /* G6UICoordinator.swift in Sources */,
				4B60FA598DDD83373BF9AF9A /* LocalizedString.swift in Sources */,
				56DB4016BF61B7A5DEE9F47F /* G6ActivityViewController.swift in Sources */,
				1A031090C7910D3B4BF01246 /* G6ApplySensorViews.swift in Sources */,
				C156DFB9A7376B332B0A9090 /* G6CalibrationGuideView.swift in Sources */,
				957A9D07764B7C40DFBBEF6A /* G6DetailViews.swift in Sources */,
				8955744E48E5793B6019A69D /* G6Graphics.swift in Sources */,
				29A6CAB9D3F1429C79C19511 /* G6OnboardingViews.swift in Sources */,
				59206A3FBADAC02D985182A1 /* G6PackageScannerView.swift in Sources */,
				779E0E2EFCD8988DB0D48E1E /* G6ReadingDetailView.swift in Sources */,
				B74C908295343E4D9541421A /* G6SettingsView.swift in Sources */,
				CBDC88F219D43D305FB343B0 /* HKUnit.swift in Sources */,
			);
			runOnlyForDeploymentPostprocessing = 0;
		};
		A7014F2B4A8E71778514B0ED /* Sources */ = {
			isa = PBXSourcesBuildPhase;
			buildActionMask = 2147483647;
			files = (
				A8D7FD3BA2F4591BC1E043C5 /* G6Alert.swift in Sources */,
				49DEA9F14CC66EE8CF7A1938 /* G6AlertEvaluator.swift in Sources */,
				3098352571C4019F26687C99 /* G6CGMManager.swift in Sources */,
				1D75C9FD5B5D1798EA308C39 /* G6CGMManagerState.swift in Sources */,
				22BB2B2C62819EF28F71536C /* G6ShareCredentialStore.swift in Sources */,
				90E1E35D64D8B5B905A2C2A4 /* G6SimulatedSession.swift in Sources */,
				CA78A9937F8B70F55524820B /* HKUnit.swift in Sources */,
				81AF0901E0F6A16A4634AAF5 /* LocalizedString.swift in Sources */,
				B4312F20327B994F68EA3B2F /* Locked.swift in Sources */,
				69F9DC12AEE8DB64C7D39D7E /* OSLog.swift in Sources */,
				47095EDB584677B51133FB55 /* TimeInterval.swift in Sources */,
			);
			runOnlyForDeploymentPostprocessing = 0;
		};
		B52E76D39F272FBFCA5CFC20 /* Sources */ = {
			isa = PBXSourcesBuildPhase;
			buildActionMask = 2147483647;
			files = (
				766AD55DDB016FA0D4CE7531 /* G6SensorKitPlugin.swift in Sources */,
			);
			runOnlyForDeploymentPostprocessing = 0;
		};
/* End PBXSourcesBuildPhase section */

/* Begin PBXTargetDependency section */
		02D3824D7998AA7BB603E4B0 /* PBXTargetDependency */ = {
			isa = PBXTargetDependency;
			name = G6SensorKitUI;
			target = 81F390A243C74FC62F2D96A1 /* G6SensorKitUI */;
			targetProxy = AAE0E5C2368DE5F178EBA0A0 /* PBXContainerItemProxy */;
		};
		765B7BD50495DB444A1963DB /* PBXTargetDependency */ = {
			isa = PBXTargetDependency;
			name = G6SensorKit;
			target = 09335603AF5648226FC57BDD /* G6SensorKit */;
			targetProxy = 6DEB037B2C11C81B47415311 /* PBXContainerItemProxy */;
		};
		7B658B66EC05118906BACD6A /* PBXTargetDependency */ = {
			isa = PBXTargetDependency;
			name = G6SensorKit;
			target = 09335603AF5648226FC57BDD /* G6SensorKit */;
			targetProxy = EEC597C8A44555CBC2C31860 /* PBXContainerItemProxy */;
		};
/* End PBXTargetDependency section */

/* Begin XCBuildConfiguration section */
		00710D3BA9DAD1A2388461E2 /* Debug */ = {
			isa = XCBuildConfiguration;
			buildSettings = {
				BUILD_LIBRARY_FOR_DISTRIBUTION = YES;
				CLANG_ENABLE_MODULES = YES;
				CLANG_ENABLE_OBJC_ARC = YES;
				CLANG_ENABLE_OBJC_WEAK = NO;
				CURRENT_PROJECT_VERSION = 1;
				DEFINES_MODULE = NO;
				DYLIB_COMPATIBILITY_VERSION = 1;
				DYLIB_CURRENT_VERSION = 1;
				DYLIB_INSTALL_NAME_BASE = "@rpath";
				ENABLE_MODULE_VERIFIER = NO;
				FRAMEWORK_SEARCH_PATHS = (
					"$(inherited)",
					"$(BUILT_PRODUCTS_DIR)",
				);
				GENERATE_INFOPLIST_FILE = NO;
				INFOPLIST_FILE = G6SensorKitPlugin/Info.plist;
				INSTALL_PATH = "$(LOCAL_LIBRARY_DIR)/Frameworks";
				IPHONEOS_DEPLOYMENT_TARGET = 17.6;
				LD_RUNPATH_SEARCH_PATHS = "$(inherited) @executable_path/Frameworks @loader_path/Frameworks";
				MARKETING_VERSION = 1.0;
				PRODUCT_BUNDLE_IDENTIFIER = org.nightscout.G6SensorKitPlugin;
				PRODUCT_NAME = "$(TARGET_NAME)";
				SDKROOT = iphoneos;
				SKIP_INSTALL = YES;
				SWIFT_EMIT_LOC_STRINGS = YES;
				SWIFT_VERSION = 5.9;
				TARGETED_DEVICE_FAMILY = 1;
				VERSIONING_SYSTEM = "apple-generic";
				VERSION_INFO_PREFIX = "";
				WRAPPER_EXTENSION = loopplugin;
			};
			name = Debug;
		};
		2BDD209E0CD6A5C0AEFACFA1 /* Release */ = {
			isa = XCBuildConfiguration;
			buildSettings = {
				BUILD_LIBRARY_FOR_DISTRIBUTION = YES;
				CLANG_ENABLE_MODULES = YES;
				CLANG_ENABLE_OBJC_ARC = YES;
				CLANG_ENABLE_OBJC_WEAK = NO;
				CURRENT_PROJECT_VERSION = 1;
				DEFINES_MODULE = YES;
				DYLIB_COMPATIBILITY_VERSION = 1;
				DYLIB_CURRENT_VERSION = 1;
				DYLIB_INSTALL_NAME_BASE = "@rpath";
				ENABLE_MODULE_VERIFIER = NO;
				FRAMEWORK_SEARCH_PATHS = (
					"$(inherited)",
					"$(BUILT_PRODUCTS_DIR)",
				);
				INFOPLIST_FILE = G6SensorKit/Info.plist;
				INSTALL_PATH = "$(LOCAL_LIBRARY_DIR)/Frameworks";
				IPHONEOS_DEPLOYMENT_TARGET = 17.6;
				LD_RUNPATH_SEARCH_PATHS = "$(inherited) @executable_path/Frameworks @loader_path/Frameworks";
				MARKETING_VERSION = 1.0;
				PRODUCT_BUNDLE_IDENTIFIER = org.nightscout.G6SensorKit;
				PRODUCT_NAME = "$(TARGET_NAME)";
				SDKROOT = iphoneos;
				SKIP_INSTALL = YES;
				SWIFT_EMIT_LOC_STRINGS = YES;
				SWIFT_VERSION = 5.9;
				TARGETED_DEVICE_FAMILY = 1;
				VALIDATE_PRODUCT = YES;
				VERSIONING_SYSTEM = "apple-generic";
				VERSION_INFO_PREFIX = "";
			};
			name = Release;
		};
		77859602A5958F6C7636159C /* Debug */ = {
			isa = XCBuildConfiguration;
			buildSettings = {
				BUILD_LIBRARY_FOR_DISTRIBUTION = YES;
				CLANG_ENABLE_MODULES = YES;
				CLANG_ENABLE_OBJC_ARC = YES;
				CLANG_ENABLE_OBJC_WEAK = NO;
				CURRENT_PROJECT_VERSION = 1;
				DEFINES_MODULE = YES;
				DYLIB_COMPATIBILITY_VERSION = 1;
				DYLIB_CURRENT_VERSION = 1;
				DYLIB_INSTALL_NAME_BASE = "@rpath";
				ENABLE_MODULE_VERIFIER = NO;
				FRAMEWORK_SEARCH_PATHS = (
					"$(inherited)",
					"$(BUILT_PRODUCTS_DIR)",
				);
				INFOPLIST_FILE = G6SensorKitUI/Info.plist;
				INSTALL_PATH = "$(LOCAL_LIBRARY_DIR)/Frameworks";
				IPHONEOS_DEPLOYMENT_TARGET = 17.6;
				LD_RUNPATH_SEARCH_PATHS = "$(inherited) @executable_path/Frameworks @loader_path/Frameworks";
				MARKETING_VERSION = 1.0;
				PRODUCT_BUNDLE_IDENTIFIER = org.nightscout.G6SensorKitUI;
				PRODUCT_NAME = "$(TARGET_NAME)";
				SDKROOT = iphoneos;
				SKIP_INSTALL = YES;
				SWIFT_EMIT_LOC_STRINGS = YES;
				SWIFT_VERSION = 5.9;
				TARGETED_DEVICE_FAMILY = 1;
				VERSIONING_SYSTEM = "apple-generic";
				VERSION_INFO_PREFIX = "";
			};
			name = Debug;
		};
		9A188B7C6508D5BE865290DF /* Release */ = {
			isa = XCBuildConfiguration;
			buildSettings = {
				BUILD_LIBRARY_FOR_DISTRIBUTION = YES;
				CLANG_ENABLE_MODULES = YES;
				CLANG_ENABLE_OBJC_ARC = YES;
				CLANG_ENABLE_OBJC_WEAK = NO;
				CURRENT_PROJECT_VERSION = 1;
				DEFINES_MODULE = YES;
				DYLIB_COMPATIBILITY_VERSION = 1;
				DYLIB_CURRENT_VERSION = 1;
				DYLIB_INSTALL_NAME_BASE = "@rpath";
				ENABLE_MODULE_VERIFIER = NO;
				FRAMEWORK_SEARCH_PATHS = (
					"$(inherited)",
					"$(BUILT_PRODUCTS_DIR)",
				);
				INFOPLIST_FILE = G6SensorKitUI/Info.plist;
				INSTALL_PATH = "$(LOCAL_LIBRARY_DIR)/Frameworks";
				IPHONEOS_DEPLOYMENT_TARGET = 17.6;
				LD_RUNPATH_SEARCH_PATHS = "$(inherited) @executable_path/Frameworks @loader_path/Frameworks";
				MARKETING_VERSION = 1.0;
				PRODUCT_BUNDLE_IDENTIFIER = org.nightscout.G6SensorKitUI;
				PRODUCT_NAME = "$(TARGET_NAME)";
				SDKROOT = iphoneos;
				SKIP_INSTALL = YES;
				SWIFT_EMIT_LOC_STRINGS = YES;
				SWIFT_VERSION = 5.9;
				TARGETED_DEVICE_FAMILY = 1;
				VALIDATE_PRODUCT = YES;
				VERSIONING_SYSTEM = "apple-generic";
				VERSION_INFO_PREFIX = "";
			};
			name = Release;
		};
		A8C5BF1B01A31FCB77220DF6 /* Debug */ = {
			isa = XCBuildConfiguration;
			buildSettings = {
				ALWAYS_SEARCH_USER_PATHS = NO;
				CLANG_ANALYZER_NONNULL = YES;
				CLANG_ANALYZER_NUMBER_OBJECT_CONVERSION = YES_AGGRESSIVE;
				CLANG_CXX_LANGUAGE_STANDARD = "gnu++14";
				CLANG_CXX_LIBRARY = "libc++";
				CLANG_ENABLE_MODULES = YES;
				CLANG_ENABLE_OBJC_ARC = YES;
				CLANG_ENABLE_OBJC_WEAK = YES;
				CLANG_WARN_BLOCK_CAPTURE_AUTORELEASING = YES;
				CLANG_WARN_BOOL_CONVERSION = YES;
				CLANG_WARN_COMMA = YES;
				CLANG_WARN_CONSTANT_CONVERSION = YES;
				CLANG_WARN_DEPRECATED_OBJC_IMPLEMENTATIONS = YES;
				CLANG_WARN_DIRECT_OBJC_ISA_USAGE = YES_ERROR;
				CLANG_WARN_DOCUMENTATION_COMMENTS = YES;
				CLANG_WARN_EMPTY_BODY = YES;
				CLANG_WARN_ENUM_CONVERSION = YES;
				CLANG_WARN_INFINITE_RECURSION = YES;
				CLANG_WARN_INT_CONVERSION = YES;
				CLANG_WARN_NON_LITERAL_NULL_CONVERSION = YES;
				CLANG_WARN_OBJC_IMPLICIT_RETAIN_SELF = YES;
				CLANG_WARN_OBJC_LITERAL_CONVERSION = YES;
				CLANG_WARN_OBJC_ROOT_CLASS = YES_ERROR;
				CLANG_WARN_QUOTED_INCLUDE_IN_FRAMEWORK_HEADER = YES;
				CLANG_WARN_RANGE_LOOP_ANALYSIS = YES;
				CLANG_WARN_STRICT_PROTOTYPES = YES;
				CLANG_WARN_SUSPICIOUS_MOVE = YES;
				CLANG_WARN_UNGUARDED_AVAILABILITY = YES_AGGRESSIVE;
				CLANG_WARN_UNREACHABLE_CODE = YES;
				CLANG_WARN__DUPLICATE_METHOD_MATCH = YES;
				COPY_PHASE_STRIP = NO;
				DEBUG_INFORMATION_FORMAT = dwarf;
				ENABLE_STRICT_OBJC_MSGSEND = YES;
				ENABLE_TESTABILITY = YES;
				GCC_C_LANGUAGE_STANDARD = gnu11;
				GCC_DYNAMIC_NO_PIC = NO;
				GCC_NO_COMMON_BLOCKS = YES;
				GCC_OPTIMIZATION_LEVEL = 0;
				GCC_PREPROCESSOR_DEFINITIONS = (
					"DEBUG=1",
					"$(inherited)",
				);
				GCC_WARN_64_TO_32_BIT_CONVERSION = YES;
				GCC_WARN_ABOUT_RETURN_TYPE = YES_ERROR;
				GCC_WARN_UNDECLARED_SELECTOR = YES;
				GCC_WARN_UNINITIALIZED_AUTOS = YES_AGGRESSIVE;
				GCC_WARN_UNUSED_FUNCTION = YES;
				GCC_WARN_UNUSED_VARIABLE = YES;
				IPHONEOS_DEPLOYMENT_TARGET = 17.6;
				MTL_ENABLE_DEBUG_INFO = INCLUDE_SOURCE;
				MTL_FAST_MATH = YES;
				ONLY_ACTIVE_ARCH = YES;
				PRODUCT_NAME = "$(TARGET_NAME)";
				SWIFT_ACTIVE_COMPILATION_CONDITIONS = DEBUG;
				SWIFT_OPTIMIZATION_LEVEL = "-Onone";
				SWIFT_VERSION = 5.9;
			};
			name = Debug;
		};
		B67CF6E49F25C51A744E1B8D /* Release */ = {
			isa = XCBuildConfiguration;
			buildSettings = {
				BUILD_LIBRARY_FOR_DISTRIBUTION = YES;
				CLANG_ENABLE_MODULES = YES;
				CLANG_ENABLE_OBJC_ARC = YES;
				CLANG_ENABLE_OBJC_WEAK = NO;
				CURRENT_PROJECT_VERSION = 1;
				DEFINES_MODULE = NO;
				DYLIB_COMPATIBILITY_VERSION = 1;
				DYLIB_CURRENT_VERSION = 1;
				DYLIB_INSTALL_NAME_BASE = "@rpath";
				ENABLE_MODULE_VERIFIER = NO;
				FRAMEWORK_SEARCH_PATHS = (
					"$(inherited)",
					"$(BUILT_PRODUCTS_DIR)",
				);
				GENERATE_INFOPLIST_FILE = NO;
				INFOPLIST_FILE = G6SensorKitPlugin/Info.plist;
				INSTALL_PATH = "$(LOCAL_LIBRARY_DIR)/Frameworks";
				IPHONEOS_DEPLOYMENT_TARGET = 17.6;
				LD_RUNPATH_SEARCH_PATHS = "$(inherited) @executable_path/Frameworks @loader_path/Frameworks";
				MARKETING_VERSION = 1.0;
				PRODUCT_BUNDLE_IDENTIFIER = org.nightscout.G6SensorKitPlugin;
				PRODUCT_NAME = "$(TARGET_NAME)";
				SDKROOT = iphoneos;
				SKIP_INSTALL = YES;
				SWIFT_EMIT_LOC_STRINGS = YES;
				SWIFT_VERSION = 5.9;
				TARGETED_DEVICE_FAMILY = 1;
				VALIDATE_PRODUCT = YES;
				VERSIONING_SYSTEM = "apple-generic";
				VERSION_INFO_PREFIX = "";
				WRAPPER_EXTENSION = loopplugin;
			};
			name = Release;
		};
		BC493465B0E8800363FF8DAC /* Debug */ = {
			isa = XCBuildConfiguration;
			buildSettings = {
				BUILD_LIBRARY_FOR_DISTRIBUTION = YES;
				CLANG_ENABLE_MODULES = YES;
				CLANG_ENABLE_OBJC_ARC = YES;
				CLANG_ENABLE_OBJC_WEAK = NO;
				CURRENT_PROJECT_VERSION = 1;
				DEFINES_MODULE = YES;
				DYLIB_COMPATIBILITY_VERSION = 1;
				DYLIB_CURRENT_VERSION = 1;
				DYLIB_INSTALL_NAME_BASE = "@rpath";
				ENABLE_MODULE_VERIFIER = NO;
				FRAMEWORK_SEARCH_PATHS = (
					"$(inherited)",
					"$(BUILT_PRODUCTS_DIR)",
				);
				INFOPLIST_FILE = G6SensorKit/Info.plist;
				INSTALL_PATH = "$(LOCAL_LIBRARY_DIR)/Frameworks";
				IPHONEOS_DEPLOYMENT_TARGET = 17.6;
				LD_RUNPATH_SEARCH_PATHS = "$(inherited) @executable_path/Frameworks @loader_path/Frameworks";
				MARKETING_VERSION = 1.0;
				PRODUCT_BUNDLE_IDENTIFIER = org.nightscout.G6SensorKit;
				PRODUCT_NAME = "$(TARGET_NAME)";
				SDKROOT = iphoneos;
				SKIP_INSTALL = YES;
				SWIFT_EMIT_LOC_STRINGS = YES;
				SWIFT_VERSION = 5.9;
				TARGETED_DEVICE_FAMILY = 1;
				VERSIONING_SYSTEM = "apple-generic";
				VERSION_INFO_PREFIX = "";
			};
			name = Debug;
		};
		FD0873526D7652433984E911 /* Release */ = {
			isa = XCBuildConfiguration;
			buildSettings = {
				ALWAYS_SEARCH_USER_PATHS = NO;
				CLANG_ANALYZER_NONNULL = YES;
				CLANG_ANALYZER_NUMBER_OBJECT_CONVERSION = YES_AGGRESSIVE;
				CLANG_CXX_LANGUAGE_STANDARD = "gnu++14";
				CLANG_CXX_LIBRARY = "libc++";
				CLANG_ENABLE_MODULES = YES;
				CLANG_ENABLE_OBJC_ARC = YES;
				CLANG_ENABLE_OBJC_WEAK = YES;
				CLANG_WARN_BLOCK_CAPTURE_AUTORELEASING = YES;
				CLANG_WARN_BOOL_CONVERSION = YES;
				CLANG_WARN_COMMA = YES;
				CLANG_WARN_CONSTANT_CONVERSION = YES;
				CLANG_WARN_DEPRECATED_OBJC_IMPLEMENTATIONS = YES;
				CLANG_WARN_DIRECT_OBJC_ISA_USAGE = YES_ERROR;
				CLANG_WARN_DOCUMENTATION_COMMENTS = YES;
				CLANG_WARN_EMPTY_BODY = YES;
				CLANG_WARN_ENUM_CONVERSION = YES;
				CLANG_WARN_INFINITE_RECURSION = YES;
				CLANG_WARN_INT_CONVERSION = YES;
				CLANG_WARN_NON_LITERAL_NULL_CONVERSION = YES;
				CLANG_WARN_OBJC_IMPLICIT_RETAIN_SELF = YES;
				CLANG_WARN_OBJC_LITERAL_CONVERSION = YES;
				CLANG_WARN_OBJC_ROOT_CLASS = YES_ERROR;
				CLANG_WARN_QUOTED_INCLUDE_IN_FRAMEWORK_HEADER = YES;
				CLANG_WARN_RANGE_LOOP_ANALYSIS = YES;
				CLANG_WARN_STRICT_PROTOTYPES = YES;
				CLANG_WARN_SUSPICIOUS_MOVE = YES;
				CLANG_WARN_UNGUARDED_AVAILABILITY = YES_AGGRESSIVE;
				CLANG_WARN_UNREACHABLE_CODE = YES;
				CLANG_WARN__DUPLICATE_METHOD_MATCH = YES;
				COPY_PHASE_STRIP = NO;
				DEBUG_INFORMATION_FORMAT = "dwarf-with-dsym";
				ENABLE_NS_ASSERTIONS = NO;
				ENABLE_STRICT_OBJC_MSGSEND = YES;
				GCC_C_LANGUAGE_STANDARD = gnu11;
				GCC_NO_COMMON_BLOCKS = YES;
				GCC_WARN_64_TO_32_BIT_CONVERSION = YES;
				GCC_WARN_ABOUT_RETURN_TYPE = YES_ERROR;
				GCC_WARN_UNDECLARED_SELECTOR = YES;
				GCC_WARN_UNINITIALIZED_AUTOS = YES_AGGRESSIVE;
				GCC_WARN_UNUSED_FUNCTION = YES;
				GCC_WARN_UNUSED_VARIABLE = YES;
				IPHONEOS_DEPLOYMENT_TARGET = 17.6;
				MTL_ENABLE_DEBUG_INFO = NO;
				MTL_FAST_MATH = YES;
				PRODUCT_NAME = "$(TARGET_NAME)";
				SWIFT_COMPILATION_MODE = wholemodule;
				SWIFT_OPTIMIZATION_LEVEL = "-O";
				SWIFT_VERSION = 5.9;
				VALIDATE_PRODUCT = YES;
			};
			name = Release;
		};
/* End XCBuildConfiguration section */

/* Begin XCConfigurationList section */
		46716CE46FCB498D573CFB95 /* Build configuration list for PBXNativeTarget "G6SensorKitUI" */ = {
			isa = XCConfigurationList;
			buildConfigurations = (
				9A188B7C6508D5BE865290DF /* Release */,
				77859602A5958F6C7636159C /* Debug */,
			);
			defaultConfigurationIsVisible = 0;
			defaultConfigurationName = Release;
		};
		5B553683CF19BBB44D32F54D /* Build configuration list for PBXProject "G6SensorKit" */ = {
			isa = XCConfigurationList;
			buildConfigurations = (
				A8C5BF1B01A31FCB77220DF6 /* Debug */,
				FD0873526D7652433984E911 /* Release */,
			);
			defaultConfigurationIsVisible = 0;
			defaultConfigurationName = Release;
		};
		BF1A336FAFA87AA5EAEAF56A /* Build configuration list for PBXNativeTarget "G6SensorKitPlugin" */ = {
			isa = XCConfigurationList;
			buildConfigurations = (
				B67CF6E49F25C51A744E1B8D /* Release */,
				00710D3BA9DAD1A2388461E2 /* Debug */,
			);
			defaultConfigurationIsVisible = 0;
			defaultConfigurationName = Release;
		};
		CCF0FF127493D98642A8659A /* Build configuration list for PBXNativeTarget "G6SensorKit" */ = {
			isa = XCConfigurationList;
			buildConfigurations = (
				2BDD209E0CD6A5C0AEFACFA1 /* Release */,
				BC493465B0E8800363FF8DAC /* Debug */,
			);
			defaultConfigurationIsVisible = 0;
			defaultConfigurationName = Release;
		};
/* End XCConfigurationList section */

/* Begin XCLocalSwiftPackageReference section */
		EDC1BC10B795C488BF680E84 /* XCLocalSwiftPackageReference "." */ = {
			isa = XCLocalSwiftPackageReference;
			relativePath = .;
		};
/* End XCLocalSwiftPackageReference section */

/* Begin XCSwiftPackageProductDependency section */
		D394DBFFF1C24A5BE57AD26C /* G6SensorCore */ = {
			isa = XCSwiftPackageProductDependency;
			productName = G6SensorCore;
		};
/* End XCSwiftPackageProductDependency section */
	};
	rootObject = 7DEBAED43E1D4606FF3FD912 /* Project object */;
}
